
Microsoft Visual Studio Solution File, Format Version 12.00
# Visual Studio Version 17
VisualStudioVersion = 17.0.31903.59
MinimumVisualStudioVersion = 10.0.40219.1
Project("{FAE04EC0-301F-11D3-BF4B-00C04F79EFBC}") = "Ex1", "Ex1\Ex1.csproj", "{E4D51E20-D78D-4F75-B9B0-059470D0F4F2}"
EndProject
Project("{FAE04EC0-301F-11D3-BF4B-00C04F79EFBC}") = "Ex2", "Ex2\Ex2.csproj", "{F71F9ACC-CC73-47F9-A837-1C667E0A475E}"
EndProject
Project("{FAE04EC0-301F-11D3-BF4B-00C04F79EFBC}") = "Ex3", "Ex3\Ex3.csproj", "{B3C3C52B-FF23-46D5-AE33-091B1DC48EED}"
EndProject
Project("{FAE04EC0-301F-11D3-BF4B-00C04F79EFBC}") = "Ex4", "Ex4\Ex4.csproj", "{BC381E90-58FE-4311-A137-7284065C0B6C}"
EndProject
Project("{FAE04EC0-301F-11D3-BF4B-00C04F79EFBC}") = "Ex5", "Ex5\Ex5.csproj", "{AE4F3AEA-0068-4281-997A-772A5D0AF951}"
EndProject
Project("{FAE04EC0-301F-11D3-BF4B-00C04F79EFBC}") = "Ex6", "Ex6\Ex6.csproj", "{37310E32-E4E3-4E9F-B189-97344AB5DE98}"
EndProject
Project("{FAE04EC0-301F-11D3-BF4B-00C04F79EFBC}") = "Ex7", "Ex7\Ex7.csproj", "{11A164E2-5B33-4DEB-B6C3-C44A3813C281}"
EndProject
Project("{FAE04EC0-301F-11D3-BF4B-00C04F79EFBC}") = "Ex8", "Ex8\Ex8.csproj", "{26FC5DD5-026D-4883-835E-66B752D740DC}"
EndProject
Project("{FAE04EC0-301F-11D3-BF4B-00C04F79EFBC}") = "Ex9", "Ex9\Ex9.csproj", "{C408D8F6-AAA0-43B7-8B50-4EE5D7166ED2}"
EndProject
Project("{FAE04EC0-301F-11D3-BF4B-00C04F79EFBC}") = "Ex10", "Ex10\Ex10.csproj", "{C30F93D9-EF2D-4937-943B-CFC5BF6957D0}"
EndProject
Global
	GlobalSection(SolutionConfigurationPlatforms) = preSolution
		Debug|Any CPU = Debug|Any CPU
		Release|Any CPU = Release|Any CPU
	EndGlobalSection
	GlobalSection(SolutionProperties) = preSolution
		HideSolutionNode = FALSE
	EndGlobalSection
	GlobalSection(ProjectConfigurationPlatforms) = postSolution
		{E4D51E20-D78D-4F75-B9B0-059470D0F4F2}.Debug|Any CPU.ActiveCfg = Debug|Any CPU
		{E4D51E20-D78D-4F75-B9B0-059470D0F4F2}.Debug|Any CPU.Build.0 = Debug|Any CPU
		{E4D51E20-D78D-4F75-B9B0-059470D0F4F2}.Release|Any CPU.ActiveCfg = Release|Any CPU
		{E4D51E20-D78D-4F75-B9B0-059470D0F4F2}.Release|Any CPU.Build.0 = Release|Any CPU
		{F71F9ACC-CC73-47F9-A837-1C667E0A475E}.Debug|Any CPU.ActiveCfg = Debug|Any CPU
		{F71F9ACC-CC73-47F9-A837-1C667E0A475E}.Debug|Any CPU.Build.0 = Debug|Any CPU
		{F71F9ACC-CC73-47F9-A837-1C667E0A475E}.Release|Any CPU.ActiveCfg = Release|Any CPU
		{F71F9ACC-CC73-47F9-A837-1C667E0A475E}.Release|Any CPU.Build.0 = Release|Any CPU
		{B3C3C52B-FF23-46D5-AE33-091B1DC48EED}.Debug|Any CPU.ActiveCfg = Debug|Any CPU
		{B3C3C52B-FF23-46D5-AE33-091B1DC48EED}.Debug|Any CPU.Build.0 = Debug|Any CPU
		{B3C3C52B-FF23-46D5-AE33-091B1DC48EED}.Release|Any CPU.ActiveCfg = Release|Any CPU
		{B3C3C52B-FF23-46D5-AE33-091B1DC48EED}.Release|Any CPU.Build.0 = Release|Any CPU
		{BC381E90-58FE-4311-A137-7284065C0B6C}.Debug|Any CPU.ActiveCfg = Debug|Any CPU
		{BC381E90-58FE-4311-A137-7284065C0B6C}.Debug|Any CPU.Build.0 = Debug|Any CPU
		{BC381E90-58FE-4311-A137-7284065C0B6C}.Release|Any CPU.ActiveCfg = Release|Any CPU
		{BC381E90-58FE-4311-A137-7284065C0B6C}.Release|Any CPU.Build.0 = Release|Any CPU
		{AE4F3AEA-0068-4281-997A-772A5D0AF951}.Debug|Any CPU.ActiveCfg = Debug|Any CPU
		{AE4F3AEA-0068-4281-997A-772A5D0AF951}.Debug|Any CPU.Build.0 = Debug|Any CPU
		{AE4F3AEA-0068-4281-997A-772A5D0AF951}.Release|Any CPU.ActiveCfg = Release|Any CPU
		{AE4F3AEA-0068-4281-997A-772A5D0AF951}.Release|Any CPU.Build.0 = Release|Any CPU
		{37310E32-E4E3-4E9F-B189-97344AB5DE98}.Debug|Any CPU.ActiveCfg = Debug|Any CPU
		{37310E32-E4E3-4E9F-B189-97344AB5DE98}.Debug|Any CPU.Build.0 = Debug|Any CPU
		{37310E32-E4E3-4E9F-B189-97344AB5DE98}.Release|Any CPU.ActiveCfg = Release|Any CPU
		{37310E32-E4E3-4E9F-B189-97344AB5DE98}.Release|Any CPU.Build.0 = Release|Any CPU
		{11A164E2-5B33-4DEB-B6C3-C44A3813C281}.Debug|Any CPU.ActiveCfg = Debug|Any CPU
		{11A164E2-5B33-4DEB-B6C3-C44A3813C281}.Debug|Any CPU.Build.0 = Debug|Any CPU
		{11A164E2-5B33-4DEB-B6C3-C44A3813C281}.Release|Any CPU.ActiveCfg = Release|Any CPU
		{11A164E2-5B33-4DEB-B6C3-C44A3813C281}.Release|Any CPU.Build.0 = Release|Any CPU
		{26FC5DD5-026D-4883-835E-66B752D740DC}.Debug|Any CPU.ActiveCfg = Debug|Any CPU
		{26FC5DD5-026D-4883-835E-66B752D740DC}.Debug|Any CPU.Build.0 = Debug|Any CPU
		{26FC5DD5-026D-4883-835E-66B752D740DC}.Release|Any CPU.ActiveCfg = Release|Any CPU
		{26FC5DD5-026D-4883-835E-66B752D740DC}.Release|Any CPU.Build.0 = Release|Any CPU
		{C408D8F6-AAA0-43B7-8B50-4EE5D7166ED2}.Debug|Any CPU.ActiveCfg = Debug|Any CPU
		{C408D8F6-AAA0-43B7-8B50-4EE5D7166ED2}.Debug|Any CPU.Build.0 = Debug|Any CPU
		{C408D8F6-AAA0-43B7-8B50-4EE5D7166ED2}.Release|Any CPU.ActiveCfg = Release|Any CPU
		{C408D8F6-AAA0-43B7-8B50-4EE5D7166ED2}.Release|Any CPU.Build.0 = Release|Any CPU
		{C30F93D9-EF2D-4937-943B-CFC5BF6957D0}.Debug|Any CPU.ActiveCfg = Debug|Any CPU
		{C30F93D9-EF2D-4937-943B-CFC5BF6957D0}.Debug|Any CPU.Build.0 = Debug|Any CPU
		{C30F93D9-EF2D-4937-943B-CFC5BF6957D0}.Release|Any CPU.ActiveCfg = Release|Any CPU
		{C30F93D9-EF2D-4937-943B-CFC5BF6957D0}.Release|Any CPU.Build.0 = Release|Any CPU
	EndGlobalSection
EndGlobal
