
Microsoft Visual Studio Solution File, Format Version 12.00
# Visual Studio Version 17
VisualStudioVersion = 17.0.31903.59
MinimumVisualStudioVersion = 10.0.40219.1
Project("{FAE04EC0-301F-11D3-BF4B-00C04F79EFBC}") = "Ex001", "Ex001\Ex001.csproj", "{315F2008-ACC0-4771-8C97-3A5C16255B75}"
EndProject
Project("{FAE04EC0-301F-11D3-BF4B-00C04F79EFBC}") = "Ex002", "Ex002\Ex002.csproj", "{4CC8367B-C92A-4941-B43E-07E321179E9A}"
EndProject
Project("{FAE04EC0-301F-11D3-BF4B-00C04F79EFBC}") = "Ex003", "Ex003\Ex003.csproj", "{77D65BA3-5F6B-4B89-821E-1CA78234216D}"
EndProject
Project("{FAE04EC0-301F-11D3-BF4B-00C04F79EFBC}") = "Ex004", "Ex004\Ex004.csproj", "{6ABD7E21-D19C-4645-88FA-23247F537C13}"
EndProject
Project("{FAE04EC0-301F-11D3-BF4B-00C04F79EFBC}") = "Ex005", "Ex005\Ex005.csproj", "{54D10EE8-C643-46DC-8C40-C0EC57A1B927}"
EndProject
Project("{FAE04EC0-301F-11D3-BF4B-00C04F79EFBC}") = "Ex006", "Ex006\Ex006.csproj", "{5173B88C-3679-4832-8E30-9E6688ED6678}"
EndProject
Project("{FAE04EC0-301F-11D3-BF4B-00C04F79EFBC}") = "Ex007", "Ex007\Ex007.csproj", "{BFB67658-99F9-4810-BBFE-CBBB98537DFB}"
EndProject
Project("{FAE04EC0-301F-11D3-BF4B-00C04F79EFBC}") = "Ex008", "Ex008\Ex008.csproj", "{2059E638-F863-43CA-9D4F-400B0435E2A9}"
EndProject
Project("{FAE04EC0-301F-11D3-BF4B-00C04F79EFBC}") = "Ex009", "Ex009\Ex009.csproj", "{0A06B8AC-3EB7-4B6D-A3A2-80896DC2BEF7}"
EndProject
Project("{FAE04EC0-301F-11D3-BF4B-00C04F79EFBC}") = "Ex010", "Ex010\Ex010.csproj", "{F4DB7CDD-0A8C-4E07-AAA3-1E2A183AAC66}"
EndProject
Project("{FAE04EC0-301F-11D3-BF4B-00C04F79EFBC}") = "Ex011", "Ex011\Ex011.csproj", "{93E306D6-F69D-4CBF-ADFB-E80D81B6224B}"
EndProject
Project("{FAE04EC0-301F-11D3-BF4B-00C04F79EFBC}") = "Ex012", "Ex012\Ex012.csproj", "{96D6C770-9E64-4778-9230-FCA936257C77}"
EndProject
Project("{FAE04EC0-301F-11D3-BF4B-00C04F79EFBC}") = "Ex013", "Ex013\Ex013.csproj", "{CC62904E-F256-44D5-BA65-4A9D4100D49A}"
EndProject
Project("{FAE04EC0-301F-11D3-BF4B-00C04F79EFBC}") = "Ex014", "Ex014\Ex014.csproj", "{DA250639-0FBA-41BC-B14A-1846D42CCEF6}"
EndProject
Project("{FAE04EC0-301F-11D3-BF4B-00C04F79EFBC}") = "Ex015", "Ex015\Ex015.csproj", "{3BFE7311-C7EB-435D-95B7-67F20E4C0595}"
EndProject
Project("{FAE04EC0-301F-11D3-BF4B-00C04F79EFBC}") = "Ex016", "Ex016\Ex016.csproj", "{D4F39557-CF14-424D-AE3A-BA015FAA26CE}"
EndProject
Global
	GlobalSection(SolutionConfigurationPlatforms) = preSolution
		Debug|Any CPU = Debug|Any CPU
		Release|Any CPU = Release|Any CPU
	EndGlobalSection
	GlobalSection(SolutionProperties) = preSolution
		HideSolutionNode = FALSE
	EndGlobalSection
	GlobalSection(ProjectConfigurationPlatforms) = postSolution
		{315F2008-ACC0-4771-8C97-3A5C16255B75}.Debug|Any CPU.ActiveCfg = Debug|Any CPU
		{315F2008-ACC0-4771-8C97-3A5C16255B75}.Debug|Any CPU.Build.0 = Debug|Any CPU
		{315F2008-ACC0-4771-8C97-3A5C16255B75}.Release|Any CPU.ActiveCfg = Release|Any CPU
		{315F2008-ACC0-4771-8C97-3A5C16255B75}.Release|Any CPU.Build.0 = Release|Any CPU
		{4CC8367B-C92A-4941-B43E-07E321179E9A}.Debug|Any CPU.ActiveCfg = Debug|Any CPU
		{4CC8367B-C92A-4941-B43E-07E321179E9A}.Debug|Any CPU.Build.0 = Debug|Any CPU
		{4CC8367B-C92A-4941-B43E-07E321179E9A}.Release|Any CPU.ActiveCfg = Release|Any CPU
		{4CC8367B-C92A-4941-B43E-07E321179E9A}.Release|Any CPU.Build.0 = Release|Any CPU
		{77D65BA3-5F6B-4B89-821E-1CA78234216D}.Debug|Any CPU.ActiveCfg = Debug|Any CPU
		{77D65BA3-5F6B-4B89-821E-1CA78234216D}.Debug|Any CPU.Build.0 = Debug|Any CPU
		{77D65BA3-5F6B-4B89-821E-1CA78234216D}.Release|Any CPU.ActiveCfg = Release|Any CPU
		{77D65BA3-5F6B-4B89-821E-1CA78234216D}.Release|Any CPU.Build.0 = Release|Any CPU
		{6ABD7E21-D19C-4645-88FA-23247F537C13}.Debug|Any CPU.ActiveCfg = Debug|Any CPU
		{6ABD7E21-D19C-4645-88FA-23247F537C13}.Debug|Any CPU.Build.0 = Debug|Any CPU
		{6ABD7E21-D19C-4645-88FA-23247F537C13}.Release|Any CPU.ActiveCfg = Release|Any CPU
		{6ABD7E21-D19C-4645-88FA-23247F537C13}.Release|Any CPU.Build.0 = Release|Any CPU
		{54D10EE8-C643-46DC-8C40-C0EC57A1B927}.Debug|Any CPU.ActiveCfg = Debug|Any CPU
		{54D10EE8-C643-46DC-8C40-C0EC57A1B927}.Debug|Any CPU.Build.0 = Debug|Any CPU
		{54D10EE8-C643-46DC-8C40-C0EC57A1B927}.Release|Any CPU.ActiveCfg = Release|Any CPU
		{54D10EE8-C643-46DC-8C40-C0EC57A1B927}.Release|Any CPU.Build.0 = Release|Any CPU
		{5173B88C-3679-4832-8E30-9E6688ED6678}.Debug|Any CPU.ActiveCfg = Debug|Any CPU
		{5173B88C-3679-4832-8E30-9E6688ED6678}.Debug|Any CPU.Build.0 = Debug|Any CPU
		{5173B88C-3679-4832-8E30-9E6688ED6678}.Release|Any CPU.ActiveCfg = Release|Any CPU
		{5173B88C-3679-4832-8E30-9E6688ED6678}.Release|Any CPU.Build.0 = Release|Any CPU
		{BFB67658-99F9-4810-BBFE-CBBB98537DFB}.Debug|Any CPU.ActiveCfg = Debug|Any CPU
		{BFB67658-99F9-4810-BBFE-CBBB98537DFB}.Debug|Any CPU.Build.0 = Debug|Any CPU
		{BFB67658-99F9-4810-BBFE-CBBB98537DFB}.Release|Any CPU.ActiveCfg = Release|Any CPU
		{BFB67658-99F9-4810-BBFE-CBBB98537DFB}.Release|Any CPU.Build.0 = Release|Any CPU
		{2059E638-F863-43CA-9D4F-400B0435E2A9}.Debug|Any CPU.ActiveCfg = Debug|Any CPU
		{2059E638-F863-43CA-9D4F-400B0435E2A9}.Debug|Any CPU.Build.0 = Debug|Any CPU
		{2059E638-F863-43CA-9D4F-400B0435E2A9}.Release|Any CPU.ActiveCfg = Release|Any CPU
		{2059E638-F863-43CA-9D4F-400B0435E2A9}.Release|Any CPU.Build.0 = Release|Any CPU
		{0A06B8AC-3EB7-4B6D-A3A2-80896DC2BEF7}.Debug|Any CPU.ActiveCfg = Debug|Any CPU
		{0A06B8AC-3EB7-4B6D-A3A2-80896DC2BEF7}.Debug|Any CPU.Build.0 = Debug|Any CPU
		{0A06B8AC-3EB7-4B6D-A3A2-80896DC2BEF7}.Release|Any CPU.ActiveCfg = Release|Any CPU
		{0A06B8AC-3EB7-4B6D-A3A2-80896DC2BEF7}.Release|Any CPU.Build.0 = Release|Any CPU
		{F4DB7CDD-0A8C-4E07-AAA3-1E2A183AAC66}.Debug|Any CPU.ActiveCfg = Debug|Any CPU
		{F4DB7CDD-0A8C-4E07-AAA3-1E2A183AAC66}.Debug|Any CPU.Build.0 = Debug|Any CPU
		{F4DB7CDD-0A8C-4E07-AAA3-1E2A183AAC66}.Release|Any CPU.ActiveCfg = Release|Any CPU
		{F4DB7CDD-0A8C-4E07-AAA3-1E2A183AAC66}.Release|Any CPU.Build.0 = Release|Any CPU
		{93E306D6-F69D-4CBF-ADFB-E80D81B6224B}.Debug|Any CPU.ActiveCfg = Debug|Any CPU
		{93E306D6-F69D-4CBF-ADFB-E80D81B6224B}.Debug|Any CPU.Build.0 = Debug|Any CPU
		{93E306D6-F69D-4CBF-ADFB-E80D81B6224B}.Release|Any CPU.ActiveCfg = Release|Any CPU
		{93E306D6-F69D-4CBF-ADFB-E80D81B6224B}.Release|Any CPU.Build.0 = Release|Any CPU
		{96D6C770-9E64-4778-9230-FCA936257C77}.Debug|Any CPU.ActiveCfg = Debug|Any CPU
		{96D6C770-9E64-4778-9230-FCA936257C77}.Debug|Any CPU.Build.0 = Debug|Any CPU
		{96D6C770-9E64-4778-9230-FCA936257C77}.Release|Any CPU.ActiveCfg = Release|Any CPU
		{96D6C770-9E64-4778-9230-FCA936257C77}.Release|Any CPU.Build.0 = Release|Any CPU
		{CC62904E-F256-44D5-BA65-4A9D4100D49A}.Debug|Any CPU.ActiveCfg = Debug|Any CPU
		{CC62904E-F256-44D5-BA65-4A9D4100D49A}.Debug|Any CPU.Build.0 = Debug|Any CPU
		{CC62904E-F256-44D5-BA65-4A9D4100D49A}.Release|Any CPU.ActiveCfg = Release|Any CPU
		{CC62904E-F256-44D5-BA65-4A9D4100D49A}.Release|Any CPU.Build.0 = Release|Any CPU
		{DA250639-0FBA-41BC-B14A-1846D42CCEF6}.Debug|Any CPU.ActiveCfg = Debug|Any CPU
		{DA250639-0FBA-41BC-B14A-1846D42CCEF6}.Debug|Any CPU.Build.0 = Debug|Any CPU
		{DA250639-0FBA-41BC-B14A-1846D42CCEF6}.Release|Any CPU.ActiveCfg = Release|Any CPU
		{DA250639-0FBA-41BC-B14A-1846D42CCEF6}.Release|Any CPU.Build.0 = Release|Any CPU
		{3BFE7311-C7EB-435D-95B7-67F20E4C0595}.Debug|Any CPU.ActiveCfg = Debug|Any CPU
		{3BFE7311-C7EB-435D-95B7-67F20E4C0595}.Debug|Any CPU.Build.0 = Debug|Any CPU
		{3BFE7311-C7EB-435D-95B7-67F20E4C0595}.Release|Any CPU.ActiveCfg = Release|Any CPU
		{3BFE7311-C7EB-435D-95B7-67F20E4C0595}.Release|Any CPU.Build.0 = Release|Any CPU
		{D4F39557-CF14-424D-AE3A-BA015FAA26CE}.Debug|Any CPU.ActiveCfg = Debug|Any CPU
		{D4F39557-CF14-424D-AE3A-BA015FAA26CE}.Debug|Any CPU.Build.0 = Debug|Any CPU
		{D4F39557-CF14-424D-AE3A-BA015FAA26CE}.Release|Any CPU.ActiveCfg = Release|Any CPU
		{D4F39557-CF14-424D-AE3A-BA015FAA26CE}.Release|Any CPU.Build.0 = Release|Any CPU
	EndGlobalSection
EndGlobal
