
Microsoft Visual Studio Solution File, Format Version 12.00
# Visual Studio Version 17
VisualStudioVersion = 17.0.31903.59
MinimumVisualStudioVersion = 10.0.40219.1
Project("{FAE04EC0-301F-11D3-BF4B-00C04F79EFBC}") = "Ex001", "Ex001\Ex001.csproj", "{7CA489D9-072A-4875-87A1-7AEBB3B335D1}"
EndProject
Project("{FAE04EC0-301F-11D3-BF4B-00C04F79EFBC}") = "Ex002", "Ex002\Ex002.csproj", "{D3FB30E1-ADD4-47E6-B648-D10EEE794AF8}"
EndProject
Project("{FAE04EC0-301F-11D3-BF4B-00C04F79EFBC}") = "Ex003", "Ex003\Ex003.csproj", "{72CA7E5D-C97B-4AE2-9775-7349F74557E2}"
EndProject
Project("{FAE04EC0-301F-11D3-BF4B-00C04F79EFBC}") = "Ex004", "Ex004\Ex004.csproj", "{5B1A8BFE-C544-4F2D-BB07-B76AFA00FAAE}"
EndProject
Project("{FAE04EC0-301F-11D3-BF4B-00C04F79EFBC}") = "Ex005", "Ex005\Ex005.csproj", "{9BF890C7-25B2-479D-9B7E-8AA560284DED}"
EndProject
Project("{FAE04EC0-301F-11D3-BF4B-00C04F79EFBC}") = "Ex006", "Ex006\Ex006.csproj", "{566D4F71-278F-45B4-9C8C-867924D520D5}"
EndProject
Project("{FAE04EC0-301F-11D3-BF4B-00C04F79EFBC}") = "Ex007", "Ex007\Ex007.csproj", "{52C9889A-1D6F-4366-9BCB-E9EFB185A77F}"
EndProject
Project("{FAE04EC0-301F-11D3-BF4B-00C04F79EFBC}") = "Ex008", "Ex008\Ex008.csproj", "{A994963E-5BC1-43BA-8CC1-C1F66F8349EF}"
EndProject
Project("{FAE04EC0-301F-11D3-BF4B-00C04F79EFBC}") = "Ex009", "Ex009\Ex009.csproj", "{1AC24D85-5A1A-47C1-A50C-BD93E23FAE67}"
EndProject
Project("{FAE04EC0-301F-11D3-BF4B-00C04F79EFBC}") = "Ex010", "Ex010\Ex010.csproj", "{368883C3-1FDE-48D9-9D07-F8118B37E5E6}"
EndProject
Project("{FAE04EC0-301F-11D3-BF4B-00C04F79EFBC}") = "Ex011", "Ex011\Ex011.csproj", "{3158C3F7-D7B7-42E8-91EE-C50E97AEC561}"
EndProject
Project("{FAE04EC0-301F-11D3-BF4B-00C04F79EFBC}") = "Ex012", "Ex012\Ex012.csproj", "{2FED2E4D-787E-4A9F-8E8A-B048F61D2929}"
EndProject
Project("{FAE04EC0-301F-11D3-BF4B-00C04F79EFBC}") = "Ex013", "Ex013\Ex013.csproj", "{0E7A9F19-8C1C-42AD-ABC4-3C4100A6071A}"
EndProject
Global
	GlobalSection(SolutionConfigurationPlatforms) = preSolution
		Debug|Any CPU = Debug|Any CPU
		Release|Any CPU = Release|Any CPU
	EndGlobalSection
	GlobalSection(SolutionProperties) = preSolution
		HideSolutionNode = FALSE
	EndGlobalSection
	GlobalSection(ProjectConfigurationPlatforms) = postSolution
		{7CA489D9-072A-4875-87A1-7AEBB3B335D1}.Debug|Any CPU.ActiveCfg = Debug|Any CPU
		{7CA489D9-072A-4875-87A1-7AEBB3B335D1}.Debug|Any CPU.Build.0 = Debug|Any CPU
		{7CA489D9-072A-4875-87A1-7AEBB3B335D1}.Release|Any CPU.ActiveCfg = Release|Any CPU
		{7CA489D9-072A-4875-87A1-7AEBB3B335D1}.Release|Any CPU.Build.0 = Release|Any CPU
		{D3FB30E1-ADD4-47E6-B648-D10EEE794AF8}.Debug|Any CPU.ActiveCfg = Debug|Any CPU
		{D3FB30E1-ADD4-47E6-B648-D10EEE794AF8}.Debug|Any CPU.Build.0 = Debug|Any CPU
		{D3FB30E1-ADD4-47E6-B648-D10EEE794AF8}.Release|Any CPU.ActiveCfg = Release|Any CPU
		{D3FB30E1-ADD4-47E6-B648-D10EEE794AF8}.Release|Any CPU.Build.0 = Release|Any CPU
		{72CA7E5D-C97B-4AE2-9775-7349F74557E2}.Debug|Any CPU.ActiveCfg = Debug|Any CPU
		{72CA7E5D-C97B-4AE2-9775-7349F74557E2}.Debug|Any CPU.Build.0 = Debug|Any CPU
		{72CA7E5D-C97B-4AE2-9775-7349F74557E2}.Release|Any CPU.ActiveCfg = Release|Any CPU
		{72CA7E5D-C97B-4AE2-9775-7349F74557E2}.Release|Any CPU.Build.0 = Release|Any CPU
		{5B1A8BFE-C544-4F2D-BB07-B76AFA00FAAE}.Debug|Any CPU.ActiveCfg = Debug|Any CPU
		{5B1A8BFE-C544-4F2D-BB07-B76AFA00FAAE}.Debug|Any CPU.Build.0 = Debug|Any CPU
		{5B1A8BFE-C544-4F2D-BB07-B76AFA00FAAE}.Release|Any CPU.ActiveCfg = Release|Any CPU
		{5B1A8BFE-C544-4F2D-BB07-B76AFA00FAAE}.Release|Any CPU.Build.0 = Release|Any CPU
		{9BF890C7-25B2-479D-9B7E-8AA560284DED}.Debug|Any CPU.ActiveCfg = Debug|Any CPU
		{9BF890C7-25B2-479D-9B7E-8AA560284DED}.Debug|Any CPU.Build.0 = Debug|Any CPU
		{9BF890C7-25B2-479D-9B7E-8AA560284DED}.Release|Any CPU.ActiveCfg = Release|Any CPU
		{9BF890C7-25B2-479D-9B7E-8AA560284DED}.Release|Any CPU.Build.0 = Release|Any CPU
		{566D4F71-278F-45B4-9C8C-867924D520D5}.Debug|Any CPU.ActiveCfg = Debug|Any CPU
		{566D4F71-278F-45B4-9C8C-867924D520D5}.Debug|Any CPU.Build.0 = Debug|Any CPU
		{566D4F71-278F-45B4-9C8C-867924D520D5}.Release|Any CPU.ActiveCfg = Release|Any CPU
		{566D4F71-278F-45B4-9C8C-867924D520D5}.Release|Any CPU.Build.0 = Release|Any CPU
		{52C9889A-1D6F-4366-9BCB-E9EFB185A77F}.Debug|Any CPU.ActiveCfg = Debug|Any CPU
		{52C9889A-1D6F-4366-9BCB-E9EFB185A77F}.Debug|Any CPU.Build.0 = Debug|Any CPU
		{52C9889A-1D6F-4366-9BCB-E9EFB185A77F}.Release|Any CPU.ActiveCfg = Release|Any CPU
		{52C9889A-1D6F-4366-9BCB-E9EFB185A77F}.Release|Any CPU.Build.0 = Release|Any CPU
		{A994963E-5BC1-43BA-8CC1-C1F66F8349EF}.Debug|Any CPU.ActiveCfg = Debug|Any CPU
		{A994963E-5BC1-43BA-8CC1-C1F66F8349EF}.Debug|Any CPU.Build.0 = Debug|Any CPU
		{A994963E-5BC1-43BA-8CC1-C1F66F8349EF}.Release|Any CPU.ActiveCfg = Release|Any CPU
		{A994963E-5BC1-43BA-8CC1-C1F66F8349EF}.Release|Any CPU.Build.0 = Release|Any CPU
		{1AC24D85-5A1A-47C1-A50C-BD93E23FAE67}.Debug|Any CPU.ActiveCfg = Debug|Any CPU
		{1AC24D85-5A1A-47C1-A50C-BD93E23FAE67}.Debug|Any CPU.Build.0 = Debug|Any CPU
		{1AC24D85-5A1A-47C1-A50C-BD93E23FAE67}.Release|Any CPU.ActiveCfg = Release|Any CPU
		{1AC24D85-5A1A-47C1-A50C-BD93E23FAE67}.Release|Any CPU.Build.0 = Release|Any CPU
		{368883C3-1FDE-48D9-9D07-F8118B37E5E6}.Debug|Any CPU.ActiveCfg = Debug|Any CPU
		{368883C3-1FDE-48D9-9D07-F8118B37E5E6}.Debug|Any CPU.Build.0 = Debug|Any CPU
		{368883C3-1FDE-48D9-9D07-F8118B37E5E6}.Release|Any CPU.ActiveCfg = Release|Any CPU
		{368883C3-1FDE-48D9-9D07-F8118B37E5E6}.Release|Any CPU.Build.0 = Release|Any CPU
		{3158C3F7-D7B7-42E8-91EE-C50E97AEC561}.Debug|Any CPU.ActiveCfg = Debug|Any CPU
		{3158C3F7-D7B7-42E8-91EE-C50E97AEC561}.Debug|Any CPU.Build.0 = Debug|Any CPU
		{3158C3F7-D7B7-42E8-91EE-C50E97AEC561}.Release|Any CPU.ActiveCfg = Release|Any CPU
		{3158C3F7-D7B7-42E8-91EE-C50E97AEC561}.Release|Any CPU.Build.0 = Release|Any CPU
		{2FED2E4D-787E-4A9F-8E8A-B048F61D2929}.Debug|Any CPU.ActiveCfg = Debug|Any CPU
		{2FED2E4D-787E-4A9F-8E8A-B048F61D2929}.Debug|Any CPU.Build.0 = Debug|Any CPU
		{2FED2E4D-787E-4A9F-8E8A-B048F61D2929}.Release|Any CPU.ActiveCfg = Release|Any CPU
		{2FED2E4D-787E-4A9F-8E8A-B048F61D2929}.Release|Any CPU.Build.0 = Release|Any CPU
		{0E7A9F19-8C1C-42AD-ABC4-3C4100A6071A}.Debug|Any CPU.ActiveCfg = Debug|Any CPU
		{0E7A9F19-8C1C-42AD-ABC4-3C4100A6071A}.Debug|Any CPU.Build.0 = Debug|Any CPU
		{0E7A9F19-8C1C-42AD-ABC4-3C4100A6071A}.Release|Any CPU.ActiveCfg = Release|Any CPU
		{0E7A9F19-8C1C-42AD-ABC4-3C4100A6071A}.Release|Any CPU.Build.0 = Release|Any CPU
	EndGlobalSection
EndGlobal
