
Microsoft Visual Studio Solution File, Format Version 12.00
# Visual Studio Version 17
VisualStudioVersion = 17.0.31903.59
MinimumVisualStudioVersion = 10.0.40219.1
Project("{FAE04EC0-301F-11D3-BF4B-00C04F79EFBC}") = "Ex001", "Ex001\Ex001.csproj", "{4D6B4079-C9A8-4027-B86B-B260D740FAF0}"
EndProject
Project("{FAE04EC0-301F-11D3-BF4B-00C04F79EFBC}") = "Ex002", "Ex002\Ex002.csproj", "{9A701F31-16BC-4A34-A9C2-89938868D718}"
EndProject
Project("{FAE04EC0-301F-11D3-BF4B-00C04F79EFBC}") = "Ex003", "Ex003\Ex003.csproj", "{71354125-3B66-44F8-A169-432A753324E3}"
EndProject
Project("{FAE04EC0-301F-11D3-BF4B-00C04F79EFBC}") = "Ex004", "Ex004\Ex004.csproj", "{5E5642B5-D01C-4F30-98F5-DB8D2537572B}"
EndProject
Project("{FAE04EC0-301F-11D3-BF4B-00C04F79EFBC}") = "Ex005", "Ex005\Ex005.csproj", "{795E1C77-CA2F-469E-940C-4CF08B3959C4}"
EndProject
Project("{FAE04EC0-301F-11D3-BF4B-00C04F79EFBC}") = "Ex006", "Ex006\Ex006.csproj", "{F2C1CB5A-B5C5-43B6-AA23-93FE41147D34}"
EndProject
Project("{FAE04EC0-301F-11D3-BF4B-00C04F79EFBC}") = "Ex007", "Ex007\Ex007.csproj", "{5B9B30F4-768C-448D-A32C-C3EBE3325684}"
EndProject
Project("{FAE04EC0-301F-11D3-BF4B-00C04F79EFBC}") = "Ex008", "Ex008\Ex008.csproj", "{5950B6F9-2BAA-486B-86E9-100DC98F431C}"
EndProject
Project("{FAE04EC0-301F-11D3-BF4B-00C04F79EFBC}") = "Ex009", "Ex009\Ex009.csproj", "{24960D61-F01B-4F93-B3B4-E27AF916337F}"
EndProject
Global
	GlobalSection(SolutionConfigurationPlatforms) = preSolution
		Debug|Any CPU = Debug|Any CPU
		Release|Any CPU = Release|Any CPU
	EndGlobalSection
	GlobalSection(SolutionProperties) = preSolution
		HideSolutionNode = FALSE
	EndGlobalSection
	GlobalSection(ProjectConfigurationPlatforms) = postSolution
		{4D6B4079-C9A8-4027-B86B-B260D740FAF0}.Debug|Any CPU.ActiveCfg = Debug|Any CPU
		{4D6B4079-C9A8-4027-B86B-B260D740FAF0}.Debug|Any CPU.Build.0 = Debug|Any CPU
		{4D6B4079-C9A8-4027-B86B-B260D740FAF0}.Release|Any CPU.ActiveCfg = Release|Any CPU
		{4D6B4079-C9A8-4027-B86B-B260D740FAF0}.Release|Any CPU.Build.0 = Release|Any CPU
		{9A701F31-16BC-4A34-A9C2-89938868D718}.Debug|Any CPU.ActiveCfg = Debug|Any CPU
		{9A701F31-16BC-4A34-A9C2-89938868D718}.Debug|Any CPU.Build.0 = Debug|Any CPU
		{9A701F31-16BC-4A34-A9C2-89938868D718}.Release|Any CPU.ActiveCfg = Release|Any CPU
		{9A701F31-16BC-4A34-A9C2-89938868D718}.Release|Any CPU.Build.0 = Release|Any CPU
		{71354125-3B66-44F8-A169-432A753324E3}.Debug|Any CPU.ActiveCfg = Debug|Any CPU
		{71354125-3B66-44F8-A169-432A753324E3}.Debug|Any CPU.Build.0 = Debug|Any CPU
		{71354125-3B66-44F8-A169-432A753324E3}.Release|Any CPU.ActiveCfg = Release|Any CPU
		{71354125-3B66-44F8-A169-432A753324E3}.Release|Any CPU.Build.0 = Release|Any CPU
		{5E5642B5-D01C-4F30-98F5-DB8D2537572B}.Debug|Any CPU.ActiveCfg = Debug|Any CPU
		{5E5642B5-D01C-4F30-98F5-DB8D2537572B}.Debug|Any CPU.Build.0 = Debug|Any CPU
		{5E5642B5-D01C-4F30-98F5-DB8D2537572B}.Release|Any CPU.ActiveCfg = Release|Any CPU
		{5E5642B5-D01C-4F30-98F5-DB8D2537572B}.Release|Any CPU.Build.0 = Release|Any CPU
		{795E1C77-CA2F-469E-940C-4CF08B3959C4}.Debug|Any CPU.ActiveCfg = Debug|Any CPU
		{795E1C77-CA2F-469E-940C-4CF08B3959C4}.Debug|Any CPU.Build.0 = Debug|Any CPU
		{795E1C77-CA2F-469E-940C-4CF08B3959C4}.Release|Any CPU.ActiveCfg = Release|Any CPU
		{795E1C77-CA2F-469E-940C-4CF08B3959C4}.Release|Any CPU.Build.0 = Release|Any CPU
		{F2C1CB5A-B5C5-43B6-AA23-93FE41147D34}.Debug|Any CPU.ActiveCfg = Debug|Any CPU
		{F2C1CB5A-B5C5-43B6-AA23-93FE41147D34}.Debug|Any CPU.Build.0 = Debug|Any CPU
		{F2C1CB5A-B5C5-43B6-AA23-93FE41147D34}.Release|Any CPU.ActiveCfg = Release|Any CPU
		{F2C1CB5A-B5C5-43B6-AA23-93FE41147D34}.Release|Any CPU.Build.0 = Release|Any CPU
		{5B9B30F4-768C-448D-A32C-C3EBE3325684}.Debug|Any CPU.ActiveCfg = Debug|Any CPU
		{5B9B30F4-768C-448D-A32C-C3EBE3325684}.Debug|Any CPU.Build.0 = Debug|Any CPU
		{5B9B30F4-768C-448D-A32C-C3EBE3325684}.Release|Any CPU.ActiveCfg = Release|Any CPU
		{5B9B30F4-768C-448D-A32C-C3EBE3325684}.Release|Any CPU.Build.0 = Release|Any CPU
		{5950B6F9-2BAA-486B-86E9-100DC98F431C}.Debug|Any CPU.ActiveCfg = Debug|Any CPU
		{5950B6F9-2BAA-486B-86E9-100DC98F431C}.Debug|Any CPU.Build.0 = Debug|Any CPU
		{5950B6F9-2BAA-486B-86E9-100DC98F431C}.Release|Any CPU.ActiveCfg = Release|Any CPU
		{5950B6F9-2BAA-486B-86E9-100DC98F431C}.Release|Any CPU.Build.0 = Release|Any CPU
		{24960D61-F01B-4F93-B3B4-E27AF916337F}.Debug|Any CPU.ActiveCfg = Debug|Any CPU
		{24960D61-F01B-4F93-B3B4-E27AF916337F}.Debug|Any CPU.Build.0 = Debug|Any CPU
		{24960D61-F01B-4F93-B3B4-E27AF916337F}.Release|Any CPU.ActiveCfg = Release|Any CPU
		{24960D61-F01B-4F93-B3B4-E27AF916337F}.Release|Any CPU.Build.0 = Release|Any CPU
	EndGlobalSection
EndGlobal
