
Microsoft Visual Studio Solution File, Format Version 12.00
# Visual Studio Version 17
VisualStudioVersion = 17.0.31903.59
MinimumVisualStudioVersion = 10.0.40219.1
Project("{FAE04EC0-301F-11D3-BF4B-00C04F79EFBC}") = "Ex001", "Ex001\Ex001.csproj", "{02FF4D31-A33D-4AA0-9A3C-273AC5AF9AEE}"
EndProject
Project("{FAE04EC0-301F-11D3-BF4B-00C04F79EFBC}") = "Ex002", "Ex002\Ex002.csproj", "{2D8DFFDC-E074-4215-BC82-6ED1EC4D2350}"
EndProject
Project("{FAE04EC0-301F-11D3-BF4B-00C04F79EFBC}") = "Ex003", "Ex003\Ex003.csproj", "{7B25BFB6-C1C1-43F3-919D-A55079F4C4D1}"
EndProject
Project("{FAE04EC0-301F-11D3-BF4B-00C04F79EFBC}") = "Ex004", "Ex004\Ex004.csproj", "{1F5C03FA-6825-48D1-BF00-A1E04D7E2599}"
EndProject
Project("{FAE04EC0-301F-11D3-BF4B-00C04F79EFBC}") = "Ex005", "Ex005\Ex005.csproj", "{6A065158-D1FE-4691-AA92-01BA55C155D4}"
EndProject
Project("{FAE04EC0-301F-11D3-BF4B-00C04F79EFBC}") = "Ex006", "Ex006\Ex006.csproj", "{3FADA2EB-A9F4-43D6-AFE3-06C9E5AB9D94}"
EndProject
Project("{FAE04EC0-301F-11D3-BF4B-00C04F79EFBC}") = "Ex007", "Ex007\Ex007.csproj", "{BC7FD51D-9F16-430A-8C87-3AABB0261BCB}"
EndProject
Project("{FAE04EC0-301F-11D3-BF4B-00C04F79EFBC}") = "Ex008", "Ex008\Ex008.csproj", "{AB951737-C38F-4769-BDC6-CB87929F49C5}"
EndProject
Project("{FAE04EC0-301F-11D3-BF4B-00C04F79EFBC}") = "Ex009", "Ex009\Ex009.csproj", "{CD373781-F48A-4B82-AD88-2D782B5387D8}"
EndProject
Project("{FAE04EC0-301F-11D3-BF4B-00C04F79EFBC}") = "Ex010", "Ex010\Ex010.csproj", "{CEDE1CCA-EEAE-48D7-A125-33D9F09195F4}"
EndProject
Project("{FAE04EC0-301F-11D3-BF4B-00C04F79EFBC}") = "Ex011", "Ex011\Ex011.csproj", "{3CEFC8EB-F30B-454E-9C0A-AA64CAFDBA0E}"
EndProject
Project("{FAE04EC0-301F-11D3-BF4B-00C04F79EFBC}") = "Ex012", "Ex012\Ex012.csproj", "{602CFFAF-7606-4DC7-88E4-FA5C017E4831}"
EndProject
Global
	GlobalSection(SolutionConfigurationPlatforms) = preSolution
		Debug|Any CPU = Debug|Any CPU
		Release|Any CPU = Release|Any CPU
	EndGlobalSection
	GlobalSection(SolutionProperties) = preSolution
		HideSolutionNode = FALSE
	EndGlobalSection
	GlobalSection(ProjectConfigurationPlatforms) = postSolution
		{02FF4D31-A33D-4AA0-9A3C-273AC5AF9AEE}.Debug|Any CPU.ActiveCfg = Debug|Any CPU
		{02FF4D31-A33D-4AA0-9A3C-273AC5AF9AEE}.Debug|Any CPU.Build.0 = Debug|Any CPU
		{02FF4D31-A33D-4AA0-9A3C-273AC5AF9AEE}.Release|Any CPU.ActiveCfg = Release|Any CPU
		{02FF4D31-A33D-4AA0-9A3C-273AC5AF9AEE}.Release|Any CPU.Build.0 = Release|Any CPU
		{2D8DFFDC-E074-4215-BC82-6ED1EC4D2350}.Debug|Any CPU.ActiveCfg = Debug|Any CPU
		{2D8DFFDC-E074-4215-BC82-6ED1EC4D2350}.Debug|Any CPU.Build.0 = Debug|Any CPU
		{2D8DFFDC-E074-4215-BC82-6ED1EC4D2350}.Release|Any CPU.ActiveCfg = Release|Any CPU
		{2D8DFFDC-E074-4215-BC82-6ED1EC4D2350}.Release|Any CPU.Build.0 = Release|Any CPU
		{7B25BFB6-C1C1-43F3-919D-A55079F4C4D1}.Debug|Any CPU.ActiveCfg = Debug|Any CPU
		{7B25BFB6-C1C1-43F3-919D-A55079F4C4D1}.Debug|Any CPU.Build.0 = Debug|Any CPU
		{7B25BFB6-C1C1-43F3-919D-A55079F4C4D1}.Release|Any CPU.ActiveCfg = Release|Any CPU
		{7B25BFB6-C1C1-43F3-919D-A55079F4C4D1}.Release|Any CPU.Build.0 = Release|Any CPU
		{1F5C03FA-6825-48D1-BF00-A1E04D7E2599}.Debug|Any CPU.ActiveCfg = Debug|Any CPU
		{1F5C03FA-6825-48D1-BF00-A1E04D7E2599}.Debug|Any CPU.Build.0 = Debug|Any CPU
		{1F5C03FA-6825-48D1-BF00-A1E04D7E2599}.Release|Any CPU.ActiveCfg = Release|Any CPU
		{1F5C03FA-6825-48D1-BF00-A1E04D7E2599}.Release|Any CPU.Build.0 = Release|Any CPU
		{6A065158-D1FE-4691-AA92-01BA55C155D4}.Debug|Any CPU.ActiveCfg = Debug|Any CPU
		{6A065158-D1FE-4691-AA92-01BA55C155D4}.Debug|Any CPU.Build.0 = Debug|Any CPU
		{6A065158-D1FE-4691-AA92-01BA55C155D4}.Release|Any CPU.ActiveCfg = Release|Any CPU
		{6A065158-D1FE-4691-AA92-01BA55C155D4}.Release|Any CPU.Build.0 = Release|Any CPU
		{3FADA2EB-A9F4-43D6-AFE3-06C9E5AB9D94}.Debug|Any CPU.ActiveCfg = Debug|Any CPU
		{3FADA2EB-A9F4-43D6-AFE3-06C9E5AB9D94}.Debug|Any CPU.Build.0 = Debug|Any CPU
		{3FADA2EB-A9F4-43D6-AFE3-06C9E5AB9D94}.Release|Any CPU.ActiveCfg = Release|Any CPU
		{3FADA2EB-A9F4-43D6-AFE3-06C9E5AB9D94}.Release|Any CPU.Build.0 = Release|Any CPU
		{BC7FD51D-9F16-430A-8C87-3AABB0261BCB}.Debug|Any CPU.ActiveCfg = Debug|Any CPU
		{BC7FD51D-9F16-430A-8C87-3AABB0261BCB}.Debug|Any CPU.Build.0 = Debug|Any CPU
		{BC7FD51D-9F16-430A-8C87-3AABB0261BCB}.Release|Any CPU.ActiveCfg = Release|Any CPU
		{BC7FD51D-9F16-430A-8C87-3AABB0261BCB}.Release|Any CPU.Build.0 = Release|Any CPU
		{AB951737-C38F-4769-BDC6-CB87929F49C5}.Debug|Any CPU.ActiveCfg = Debug|Any CPU
		{AB951737-C38F-4769-BDC6-CB87929F49C5}.Debug|Any CPU.Build.0 = Debug|Any CPU
		{AB951737-C38F-4769-BDC6-CB87929F49C5}.Release|Any CPU.ActiveCfg = Release|Any CPU
		{AB951737-C38F-4769-BDC6-CB87929F49C5}.Release|Any CPU.Build.0 = Release|Any CPU
		{CD373781-F48A-4B82-AD88-2D782B5387D8}.Debug|Any CPU.ActiveCfg = Debug|Any CPU
		{CD373781-F48A-4B82-AD88-2D782B5387D8}.Debug|Any CPU.Build.0 = Debug|Any CPU
		{CD373781-F48A-4B82-AD88-2D782B5387D8}.Release|Any CPU.ActiveCfg = Release|Any CPU
		{CD373781-F48A-4B82-AD88-2D782B5387D8}.Release|Any CPU.Build.0 = Release|Any CPU
		{CEDE1CCA-EEAE-48D7-A125-33D9F09195F4}.Debug|Any CPU.ActiveCfg = Debug|Any CPU
		{CEDE1CCA-EEAE-48D7-A125-33D9F09195F4}.Debug|Any CPU.Build.0 = Debug|Any CPU
		{CEDE1CCA-EEAE-48D7-A125-33D9F09195F4}.Release|Any CPU.ActiveCfg = Release|Any CPU
		{CEDE1CCA-EEAE-48D7-A125-33D9F09195F4}.Release|Any CPU.Build.0 = Release|Any CPU
		{3CEFC8EB-F30B-454E-9C0A-AA64CAFDBA0E}.Debug|Any CPU.ActiveCfg = Debug|Any CPU
		{3CEFC8EB-F30B-454E-9C0A-AA64CAFDBA0E}.Debug|Any CPU.Build.0 = Debug|Any CPU
		{3CEFC8EB-F30B-454E-9C0A-AA64CAFDBA0E}.Release|Any CPU.ActiveCfg = Release|Any CPU
		{3CEFC8EB-F30B-454E-9C0A-AA64CAFDBA0E}.Release|Any CPU.Build.0 = Release|Any CPU
		{602CFFAF-7606-4DC7-88E4-FA5C017E4831}.Debug|Any CPU.ActiveCfg = Debug|Any CPU
		{602CFFAF-7606-4DC7-88E4-FA5C017E4831}.Debug|Any CPU.Build.0 = Debug|Any CPU
		{602CFFAF-7606-4DC7-88E4-FA5C017E4831}.Release|Any CPU.ActiveCfg = Release|Any CPU
		{602CFFAF-7606-4DC7-88E4-FA5C017E4831}.Release|Any CPU.Build.0 = Release|Any CPU
	EndGlobalSection
EndGlobal
