
Microsoft Visual Studio Solution File, Format Version 12.00
# Visual Studio Version 17
VisualStudioVersion = 17.0.31903.59
MinimumVisualStudioVersion = 10.0.40219.1
Project("{FAE04EC0-301F-11D3-BF4B-00C04F79EFBC}") = "Ex1", "Ex1\Ex1.csproj", "{214F58E5-EAF2-4B95-AEFF-C338D05F3976}"
EndProject
Project("{FAE04EC0-301F-11D3-BF4B-00C04F79EFBC}") = "Ex2", "Ex2\Ex2.csproj", "{397A0C1A-C9F7-4230-BA8F-037DDEC0D00B}"
EndProject
Project("{FAE04EC0-301F-11D3-BF4B-00C04F79EFBC}") = "Ex3", "Ex3\Ex3.csproj", "{A55480BC-3E19-4635-BA91-D799D70A440B}"
EndProject
Project("{FAE04EC0-301F-11D3-BF4B-00C04F79EFBC}") = "Ex4", "Ex4\Ex4.csproj", "{4FD753FC-E2A5-4A8B-8B93-ABEDA68B2176}"
EndProject
Project("{FAE04EC0-301F-11D3-BF4B-00C04F79EFBC}") = "Ex5", "Ex5\Ex5.csproj", "{BE7341AC-BAF3-4177-A50B-ABC21F2EAB91}"
EndProject
Project("{FAE04EC0-301F-11D3-BF4B-00C04F79EFBC}") = "Ex6", "Ex6\Ex6.csproj", "{39CC50E6-B7DB-43BB-BAA1-7EAE7BDC11DE}"
EndProject
Project("{FAE04EC0-301F-11D3-BF4B-00C04F79EFBC}") = "Ex7", "Ex7\Ex7.csproj", "{2CFB67B8-01D7-4817-9EA2-63BD6CC175CB}"
EndProject
Project("{FAE04EC0-301F-11D3-BF4B-00C04F79EFBC}") = "Ex8", "Ex8\Ex8.csproj", "{FA674662-3192-4F7D-B81D-3567A5DD307B}"
EndProject
Project("{FAE04EC0-301F-11D3-BF4B-00C04F79EFBC}") = "Ex9", "Ex9\Ex9.csproj", "{44A942D8-8A52-4486-8B1E-3DF7E96A5537}"
EndProject
Project("{FAE04EC0-301F-11D3-BF4B-00C04F79EFBC}") = "Ex10", "Ex10\Ex10.csproj", "{319F4171-D63C-4B16-92C0-82733326EEA8}"
EndProject
Project("{FAE04EC0-301F-11D3-BF4B-00C04F79EFBC}") = "Ex11", "Ex11\Ex11.csproj", "{9D77B589-5CE9-42D7-ADB0-2F66AB96F71B}"
EndProject
Project("{FAE04EC0-301F-11D3-BF4B-00C04F79EFBC}") = "Ex12", "Ex12\Ex12.csproj", "{22B19DFD-5F67-4892-9678-7468741CF666}"
EndProject
Project("{FAE04EC0-301F-11D3-BF4B-00C04F79EFBC}") = "Ex13", "Ex13\Ex13.csproj", "{4F1622A4-E2E6-4EAE-B815-618772ED558F}"
EndProject
Project("{FAE04EC0-301F-11D3-BF4B-00C04F79EFBC}") = "Ex14", "Ex14\Ex14.csproj", "{968FBCC4-7B2F-43DA-8A20-0790D7D8AE9D}"
EndProject
Project("{FAE04EC0-301F-11D3-BF4B-00C04F79EFBC}") = "Ex15", "Ex15\Ex15.csproj", "{020A3311-0BDD-4C13-8BED-6A6BFAABC8D7}"
EndProject
Project("{FAE04EC0-301F-11D3-BF4B-00C04F79EFBC}") = "Ex16", "Ex16\Ex16.csproj", "{2F298FE4-1170-4132-885A-AB2F69581AF2}"
EndProject
Project("{FAE04EC0-301F-11D3-BF4B-00C04F79EFBC}") = "Ex17", "Ex17\Ex17.csproj", "{3EAE2088-48EF-47A0-80FD-DEC57CAF5C39}"
EndProject
Project("{FAE04EC0-301F-11D3-BF4B-00C04F79EFBC}") = "Ex18", "Ex18\Ex18.csproj", "{3504BE92-994F-4619-837D-AAEE15C68556}"
EndProject
Project("{FAE04EC0-301F-11D3-BF4B-00C04F79EFBC}") = "Ex19", "Ex19\Ex19.csproj", "{42C2F1C4-586C-4A03-ABE8-443BC44E3D8E}"
EndProject
Global
	GlobalSection(SolutionConfigurationPlatforms) = preSolution
		Debug|Any CPU = Debug|Any CPU
		Release|Any CPU = Release|Any CPU
	EndGlobalSection
	GlobalSection(SolutionProperties) = preSolution
		HideSolutionNode = FALSE
	EndGlobalSection
	GlobalSection(ProjectConfigurationPlatforms) = postSolution
		{214F58E5-EAF2-4B95-AEFF-C338D05F3976}.Debug|Any CPU.ActiveCfg = Debug|Any CPU
		{214F58E5-EAF2-4B95-AEFF-C338D05F3976}.Debug|Any CPU.Build.0 = Debug|Any CPU
		{214F58E5-EAF2-4B95-AEFF-C338D05F3976}.Release|Any CPU.ActiveCfg = Release|Any CPU
		{214F58E5-EAF2-4B95-AEFF-C338D05F3976}.Release|Any CPU.Build.0 = Release|Any CPU
		{397A0C1A-C9F7-4230-BA8F-037DDEC0D00B}.Debug|Any CPU.ActiveCfg = Debug|Any CPU
		{397A0C1A-C9F7-4230-BA8F-037DDEC0D00B}.Debug|Any CPU.Build.0 = Debug|Any CPU
		{397A0C1A-C9F7-4230-BA8F-037DDEC0D00B}.Release|Any CPU.ActiveCfg = Release|Any CPU
		{397A0C1A-C9F7-4230-BA8F-037DDEC0D00B}.Release|Any CPU.Build.0 = Release|Any CPU
		{A55480BC-3E19-4635-BA91-D799D70A440B}.Debug|Any CPU.ActiveCfg = Debug|Any CPU
		{A55480BC-3E19-4635-BA91-D799D70A440B}.Debug|Any CPU.Build.0 = Debug|Any CPU
		{A55480BC-3E19-4635-BA91-D799D70A440B}.Release|Any CPU.ActiveCfg = Release|Any CPU
		{A55480BC-3E19-4635-BA91-D799D70A440B}.Release|Any CPU.Build.0 = Release|Any CPU
		{4FD753FC-E2A5-4A8B-8B93-ABEDA68B2176}.Debug|Any CPU.ActiveCfg = Debug|Any CPU
		{4FD753FC-E2A5-4A8B-8B93-ABEDA68B2176}.Debug|Any CPU.Build.0 = Debug|Any CPU
		{4FD753FC-E2A5-4A8B-8B93-ABEDA68B2176}.Release|Any CPU.ActiveCfg = Release|Any CPU
		{4FD753FC-E2A5-4A8B-8B93-ABEDA68B2176}.Release|Any CPU.Build.0 = Release|Any CPU
		{BE7341AC-BAF3-4177-A50B-ABC21F2EAB91}.Debug|Any CPU.ActiveCfg = Debug|Any CPU
		{BE7341AC-BAF3-4177-A50B-ABC21F2EAB91}.Debug|Any CPU.Build.0 = Debug|Any CPU
		{BE7341AC-BAF3-4177-A50B-ABC21F2EAB91}.Release|Any CPU.ActiveCfg = Release|Any CPU
		{BE7341AC-BAF3-4177-A50B-ABC21F2EAB91}.Release|Any CPU.Build.0 = Release|Any CPU
		{39CC50E6-B7DB-43BB-BAA1-7EAE7BDC11DE}.Debug|Any CPU.ActiveCfg = Debug|Any CPU
		{39CC50E6-B7DB-43BB-BAA1-7EAE7BDC11DE}.Debug|Any CPU.Build.0 = Debug|Any CPU
		{39CC50E6-B7DB-43BB-BAA1-7EAE7BDC11DE}.Release|Any CPU.ActiveCfg = Release|Any CPU
		{39CC50E6-B7DB-43BB-BAA1-7EAE7BDC11DE}.Release|Any CPU.Build.0 = Release|Any CPU
		{2CFB67B8-01D7-4817-9EA2-63BD6CC175CB}.Debug|Any CPU.ActiveCfg = Debug|Any CPU
		{2CFB67B8-01D7-4817-9EA2-63BD6CC175CB}.Debug|Any CPU.Build.0 = Debug|Any CPU
		{2CFB67B8-01D7-4817-9EA2-63BD6CC175CB}.Release|Any CPU.ActiveCfg = Release|Any CPU
		{2CFB67B8-01D7-4817-9EA2-63BD6CC175CB}.Release|Any CPU.Build.0 = Release|Any CPU
		{FA674662-3192-4F7D-B81D-3567A5DD307B}.Debug|Any CPU.ActiveCfg = Debug|Any CPU
		{FA674662-3192-4F7D-B81D-3567A5DD307B}.Debug|Any CPU.Build.0 = Debug|Any CPU
		{FA674662-3192-4F7D-B81D-3567A5DD307B}.Release|Any CPU.ActiveCfg = Release|Any CPU
		{FA674662-3192-4F7D-B81D-3567A5DD307B}.Release|Any CPU.Build.0 = Release|Any CPU
		{44A942D8-8A52-4486-8B1E-3DF7E96A5537}.Debug|Any CPU.ActiveCfg = Debug|Any CPU
		{44A942D8-8A52-4486-8B1E-3DF7E96A5537}.Debug|Any CPU.Build.0 = Debug|Any CPU
		{44A942D8-8A52-4486-8B1E-3DF7E96A5537}.Release|Any CPU.ActiveCfg = Release|Any CPU
		{44A942D8-8A52-4486-8B1E-3DF7E96A5537}.Release|Any CPU.Build.0 = Release|Any CPU
		{319F4171-D63C-4B16-92C0-82733326EEA8}.Debug|Any CPU.ActiveCfg = Debug|Any CPU
		{319F4171-D63C-4B16-92C0-82733326EEA8}.Debug|Any CPU.Build.0 = Debug|Any CPU
		{319F4171-D63C-4B16-92C0-82733326EEA8}.Release|Any CPU.ActiveCfg = Release|Any CPU
		{319F4171-D63C-4B16-92C0-82733326EEA8}.Release|Any CPU.Build.0 = Release|Any CPU
		{9D77B589-5CE9-42D7-ADB0-2F66AB96F71B}.Debug|Any CPU.ActiveCfg = Debug|Any CPU
		{9D77B589-5CE9-42D7-ADB0-2F66AB96F71B}.Debug|Any CPU.Build.0 = Debug|Any CPU
		{9D77B589-5CE9-42D7-ADB0-2F66AB96F71B}.Release|Any CPU.ActiveCfg = Release|Any CPU
		{9D77B589-5CE9-42D7-ADB0-2F66AB96F71B}.Release|Any CPU.Build.0 = Release|Any CPU
		{22B19DFD-5F67-4892-9678-7468741CF666}.Debug|Any CPU.ActiveCfg = Debug|Any CPU
		{22B19DFD-5F67-4892-9678-7468741CF666}.Debug|Any CPU.Build.0 = Debug|Any CPU
		{22B19DFD-5F67-4892-9678-7468741CF666}.Release|Any CPU.ActiveCfg = Release|Any CPU
		{22B19DFD-5F67-4892-9678-7468741CF666}.Release|Any CPU.Build.0 = Release|Any CPU
		{4F1622A4-E2E6-4EAE-B815-618772ED558F}.Debug|Any CPU.ActiveCfg = Debug|Any CPU
		{4F1622A4-E2E6-4EAE-B815-618772ED558F}.Debug|Any CPU.Build.0 = Debug|Any CPU
		{4F1622A4-E2E6-4EAE-B815-618772ED558F}.Release|Any CPU.ActiveCfg = Release|Any CPU
		{4F1622A4-E2E6-4EAE-B815-618772ED558F}.Release|Any CPU.Build.0 = Release|Any CPU
		{968FBCC4-7B2F-43DA-8A20-0790D7D8AE9D}.Debug|Any CPU.ActiveCfg = Debug|Any CPU
		{968FBCC4-7B2F-43DA-8A20-0790D7D8AE9D}.Debug|Any CPU.Build.0 = Debug|Any CPU
		{968FBCC4-7B2F-43DA-8A20-0790D7D8AE9D}.Release|Any CPU.ActiveCfg = Release|Any CPU
		{968FBCC4-7B2F-43DA-8A20-0790D7D8AE9D}.Release|Any CPU.Build.0 = Release|Any CPU
		{020A3311-0BDD-4C13-8BED-6A6BFAABC8D7}.Debug|Any CPU.ActiveCfg = Debug|Any CPU
		{020A3311-0BDD-4C13-8BED-6A6BFAABC8D7}.Debug|Any CPU.Build.0 = Debug|Any CPU
		{020A3311-0BDD-4C13-8BED-6A6BFAABC8D7}.Release|Any CPU.ActiveCfg = Release|Any CPU
		{020A3311-0BDD-4C13-8BED-6A6BFAABC8D7}.Release|Any CPU.Build.0 = Release|Any CPU
		{2F298FE4-1170-4132-885A-AB2F69581AF2}.Debug|Any CPU.ActiveCfg = Debug|Any CPU
		{2F298FE4-1170-4132-885A-AB2F69581AF2}.Debug|Any CPU.Build.0 = Debug|Any CPU
		{2F298FE4-1170-4132-885A-AB2F69581AF2}.Release|Any CPU.ActiveCfg = Release|Any CPU
		{2F298FE4-1170-4132-885A-AB2F69581AF2}.Release|Any CPU.Build.0 = Release|Any CPU
		{3EAE2088-48EF-47A0-80FD-DEC57CAF5C39}.Debug|Any CPU.ActiveCfg = Debug|Any CPU
		{3EAE2088-48EF-47A0-80FD-DEC57CAF5C39}.Debug|Any CPU.Build.0 = Debug|Any CPU
		{3EAE2088-48EF-47A0-80FD-DEC57CAF5C39}.Release|Any CPU.ActiveCfg = Release|Any CPU
		{3EAE2088-48EF-47A0-80FD-DEC57CAF5C39}.Release|Any CPU.Build.0 = Release|Any CPU
		{3504BE92-994F-4619-837D-AAEE15C68556}.Debug|Any CPU.ActiveCfg = Debug|Any CPU
		{3504BE92-994F-4619-837D-AAEE15C68556}.Debug|Any CPU.Build.0 = Debug|Any CPU
		{3504BE92-994F-4619-837D-AAEE15C68556}.Release|Any CPU.ActiveCfg = Release|Any CPU
		{3504BE92-994F-4619-837D-AAEE15C68556}.Release|Any CPU.Build.0 = Release|Any CPU
		{42C2F1C4-586C-4A03-ABE8-443BC44E3D8E}.Debug|Any CPU.ActiveCfg = Debug|Any CPU
		{42C2F1C4-586C-4A03-ABE8-443BC44E3D8E}.Debug|Any CPU.Build.0 = Debug|Any CPU
		{42C2F1C4-586C-4A03-ABE8-443BC44E3D8E}.Release|Any CPU.ActiveCfg = Release|Any CPU
		{42C2F1C4-586C-4A03-ABE8-443BC44E3D8E}.Release|Any CPU.Build.0 = Release|Any CPU
	EndGlobalSection
EndGlobal
