
Microsoft Visual Studio Solution File, Format Version 12.00
# Visual Studio Version 17
VisualStudioVersion = 17.0.31903.59
MinimumVisualStudioVersion = 10.0.40219.1
Project("{FAE04EC0-301F-11D3-BF4B-00C04F79EFBC}") = "Ex001", "Ex001\Ex001.csproj", "{7815279B-9B01-4070-989E-7175DEB376EB}"
EndProject
Project("{FAE04EC0-301F-11D3-BF4B-00C04F79EFBC}") = "Ex002", "Ex002\Ex002.csproj", "{5C5FF09C-EAE5-4D19-9B92-31871F9B8356}"
EndProject
Project("{FAE04EC0-301F-11D3-BF4B-00C04F79EFBC}") = "Ex003", "Ex003\Ex003.csproj", "{CF5B8F40-8F02-42A2-9893-E32DBCD41972}"
EndProject
Project("{FAE04EC0-301F-11D3-BF4B-00C04F79EFBC}") = "Ex004", "Ex004\Ex004.csproj", "{457C383D-E705-4BDA-A81E-3DACB3893343}"
EndProject
Project("{FAE04EC0-301F-11D3-BF4B-00C04F79EFBC}") = "Ex005", "Ex005\Ex005.csproj", "{578222B6-699F-4842-8EC2-9649DA2C995E}"
EndProject
Project("{FAE04EC0-301F-11D3-BF4B-00C04F79EFBC}") = "Ex006", "Ex006\Ex006.csproj", "{9998E143-9ADF-4E84-8147-D479F425CBB2}"
EndProject
Project("{FAE04EC0-301F-11D3-BF4B-00C04F79EFBC}") = "Ex007", "Ex007\Ex007.csproj", "{A01040F9-40A9-4F35-84BE-1DAF189F1F28}"
EndProject
Project("{FAE04EC0-301F-11D3-BF4B-00C04F79EFBC}") = "Ex008", "Ex008\Ex008.csproj", "{59E89037-8AD8-4607-B37E-E44F83C9B964}"
EndProject
Project("{FAE04EC0-301F-11D3-BF4B-00C04F79EFBC}") = "Ex009", "Ex009\Ex009.csproj", "{3862B7AB-5EC8-4CEE-8ED6-5EAA4B692AEA}"
EndProject
Project("{FAE04EC0-301F-11D3-BF4B-00C04F79EFBC}") = "Ex010", "Ex010\Ex010.csproj", "{A8715E58-68E9-4BA5-A3E1-203170FB0744}"
EndProject
Project("{FAE04EC0-301F-11D3-BF4B-00C04F79EFBC}") = "Ex011", "Ex011\Ex011.csproj", "{9DFB29E5-F02F-4170-A5E2-9278CDEA88D1}"
EndProject
Global
	GlobalSection(SolutionConfigurationPlatforms) = preSolution
		Debug|Any CPU = Debug|Any CPU
		Release|Any CPU = Release|Any CPU
	EndGlobalSection
	GlobalSection(SolutionProperties) = preSolution
		HideSolutionNode = FALSE
	EndGlobalSection
	GlobalSection(ProjectConfigurationPlatforms) = postSolution
		{7815279B-9B01-4070-989E-7175DEB376EB}.Debug|Any CPU.ActiveCfg = Debug|Any CPU
		{7815279B-9B01-4070-989E-7175DEB376EB}.Debug|Any CPU.Build.0 = Debug|Any CPU
		{7815279B-9B01-4070-989E-7175DEB376EB}.Release|Any CPU.ActiveCfg = Release|Any CPU
		{7815279B-9B01-4070-989E-7175DEB376EB}.Release|Any CPU.Build.0 = Release|Any CPU
		{5C5FF09C-EAE5-4D19-9B92-31871F9B8356}.Debug|Any CPU.ActiveCfg = Debug|Any CPU
		{5C5FF09C-EAE5-4D19-9B92-31871F9B8356}.Debug|Any CPU.Build.0 = Debug|Any CPU
		{5C5FF09C-EAE5-4D19-9B92-31871F9B8356}.Release|Any CPU.ActiveCfg = Release|Any CPU
		{5C5FF09C-EAE5-4D19-9B92-31871F9B8356}.Release|Any CPU.Build.0 = Release|Any CPU
		{CF5B8F40-8F02-42A2-9893-E32DBCD41972}.Debug|Any CPU.ActiveCfg = Debug|Any CPU
		{CF5B8F40-8F02-42A2-9893-E32DBCD41972}.Debug|Any CPU.Build.0 = Debug|Any CPU
		{CF5B8F40-8F02-42A2-9893-E32DBCD41972}.Release|Any CPU.ActiveCfg = Release|Any CPU
		{CF5B8F40-8F02-42A2-9893-E32DBCD41972}.Release|Any CPU.Build.0 = Release|Any CPU
		{457C383D-E705-4BDA-A81E-3DACB3893343}.Debug|Any CPU.ActiveCfg = Debug|Any CPU
		{457C383D-E705-4BDA-A81E-3DACB3893343}.Debug|Any CPU.Build.0 = Debug|Any CPU
		{457C383D-E705-4BDA-A81E-3DACB3893343}.Release|Any CPU.ActiveCfg = Release|Any CPU
		{457C383D-E705-4BDA-A81E-3DACB3893343}.Release|Any CPU.Build.0 = Release|Any CPU
		{578222B6-699F-4842-8EC2-9649DA2C995E}.Debug|Any CPU.ActiveCfg = Debug|Any CPU
		{578222B6-699F-4842-8EC2-9649DA2C995E}.Debug|Any CPU.Build.0 = Debug|Any CPU
		{578222B6-699F-4842-8EC2-9649DA2C995E}.Release|Any CPU.ActiveCfg = Release|Any CPU
		{578222B6-699F-4842-8EC2-9649DA2C995E}.Release|Any CPU.Build.0 = Release|Any CPU
		{9998E143-9ADF-4E84-8147-D479F425CBB2}.Debug|Any CPU.ActiveCfg = Debug|Any CPU
		{9998E143-9ADF-4E84-8147-D479F425CBB2}.Debug|Any CPU.Build.0 = Debug|Any CPU
		{9998E143-9ADF-4E84-8147-D479F425CBB2}.Release|Any CPU.ActiveCfg = Release|Any CPU
		{9998E143-9ADF-4E84-8147-D479F425CBB2}.Release|Any CPU.Build.0 = Release|Any CPU
		{A01040F9-40A9-4F35-84BE-1DAF189F1F28}.Debug|Any CPU.ActiveCfg = Debug|Any CPU
		{A01040F9-40A9-4F35-84BE-1DAF189F1F28}.Debug|Any CPU.Build.0 = Debug|Any CPU
		{A01040F9-40A9-4F35-84BE-1DAF189F1F28}.Release|Any CPU.ActiveCfg = Release|Any CPU
		{A01040F9-40A9-4F35-84BE-1DAF189F1F28}.Release|Any CPU.Build.0 = Release|Any CPU
		{59E89037-8AD8-4607-B37E-E44F83C9B964}.Debug|Any CPU.ActiveCfg = Debug|Any CPU
		{59E89037-8AD8-4607-B37E-E44F83C9B964}.Debug|Any CPU.Build.0 = Debug|Any CPU
		{59E89037-8AD8-4607-B37E-E44F83C9B964}.Release|Any CPU.ActiveCfg = Release|Any CPU
		{59E89037-8AD8-4607-B37E-E44F83C9B964}.Release|Any CPU.Build.0 = Release|Any CPU
		{3862B7AB-5EC8-4CEE-8ED6-5EAA4B692AEA}.Debug|Any CPU.ActiveCfg = Debug|Any CPU
		{3862B7AB-5EC8-4CEE-8ED6-5EAA4B692AEA}.Debug|Any CPU.Build.0 = Debug|Any CPU
		{3862B7AB-5EC8-4CEE-8ED6-5EAA4B692AEA}.Release|Any CPU.ActiveCfg = Release|Any CPU
		{3862B7AB-5EC8-4CEE-8ED6-5EAA4B692AEA}.Release|Any CPU.Build.0 = Release|Any CPU
		{A8715E58-68E9-4BA5-A3E1-203170FB0744}.Debug|Any CPU.ActiveCfg = Debug|Any CPU
		{A8715E58-68E9-4BA5-A3E1-203170FB0744}.Debug|Any CPU.Build.0 = Debug|Any CPU
		{A8715E58-68E9-4BA5-A3E1-203170FB0744}.Release|Any CPU.ActiveCfg = Release|Any CPU
		{A8715E58-68E9-4BA5-A3E1-203170FB0744}.Release|Any CPU.Build.0 = Release|Any CPU
		{9DFB29E5-F02F-4170-A5E2-9278CDEA88D1}.Debug|Any CPU.ActiveCfg = Debug|Any CPU
		{9DFB29E5-F02F-4170-A5E2-9278CDEA88D1}.Debug|Any CPU.Build.0 = Debug|Any CPU
		{9DFB29E5-F02F-4170-A5E2-9278CDEA88D1}.Release|Any CPU.ActiveCfg = Release|Any CPU
		{9DFB29E5-F02F-4170-A5E2-9278CDEA88D1}.Release|Any CPU.Build.0 = Release|Any CPU
	EndGlobalSection
EndGlobal
