
Microsoft Visual Studio Solution File, Format Version 12.00
# Visual Studio Version 17
VisualStudioVersion = 17.0.31903.59
MinimumVisualStudioVersion = 10.0.40219.1
Project("{FAE04EC0-301F-11D3-BF4B-00C04F79EFBC}") = "Ex001", "Ex001\Ex001.csproj", "{F720ADC4-B42B-4308-B881-B1F0567062BD}"
EndProject
Project("{FAE04EC0-301F-11D3-BF4B-00C04F79EFBC}") = "Ex002", "Ex002\Ex002.csproj", "{9DE6579C-E58C-481C-9C7B-92B088AC0425}"
EndProject
Project("{FAE04EC0-301F-11D3-BF4B-00C04F79EFBC}") = "Ex003", "Ex003\Ex003.csproj", "{FF3360D6-D3C6-4D42-917E-8A514F911A74}"
EndProject
Project("{FAE04EC0-301F-11D3-BF4B-00C04F79EFBC}") = "Ex004", "Ex004\Ex004.csproj", "{03622C5A-3D16-4DD9-8DE0-228A2EC3A754}"
EndProject
Project("{FAE04EC0-301F-11D3-BF4B-00C04F79EFBC}") = "Ex005", "Ex005\Ex005.csproj", "{E29F11E6-9BA0-452E-AF0F-069F3907C040}"
EndProject
Project("{FAE04EC0-301F-11D3-BF4B-00C04F79EFBC}") = "Ex006", "Ex006\Ex006.csproj", "{B8C295FE-F0DA-4A30-9F4A-AB47360717AF}"
EndProject
Project("{FAE04EC0-301F-11D3-BF4B-00C04F79EFBC}") = "Ex007", "Ex007\Ex007.csproj", "{6B7A9A00-6E38-4ECD-8721-4AD10E41B2B7}"
EndProject
Project("{FAE04EC0-301F-11D3-BF4B-00C04F79EFBC}") = "Ex008", "Ex008\Ex008.csproj", "{E56E852C-2013-44FE-BFBD-539E75BA4647}"
EndProject
Project("{FAE04EC0-301F-11D3-BF4B-00C04F79EFBC}") = "Ex009", "Ex009\Ex009.csproj", "{316230CF-5B3E-4411-BC89-B21F4F299875}"
EndProject
Project("{FAE04EC0-301F-11D3-BF4B-00C04F79EFBC}") = "Ex010", "Ex010\Ex010.csproj", "{9C7EF4E0-F4D5-4B9D-8342-40852D5DC1C4}"
EndProject
Project("{FAE04EC0-301F-11D3-BF4B-00C04F79EFBC}") = "Ex011", "Ex011\Ex011.csproj", "{B494D1CE-C228-442E-B703-BDB4AFEE6BD1}"
EndProject
Project("{FAE04EC0-301F-11D3-BF4B-00C04F79EFBC}") = "Ex012", "Ex012\Ex012.csproj", "{DC3E0D4B-1481-4111-9E6D-9C64FE340750}"
EndProject
Project("{FAE04EC0-301F-11D3-BF4B-00C04F79EFBC}") = "Ex013", "Ex013\Ex013.csproj", "{8CCF4C3C-7922-4B41-8B4B-29E3F8F3E636}"
EndProject
Project("{FAE04EC0-301F-11D3-BF4B-00C04F79EFBC}") = "Ex014", "Ex014\Ex014.csproj", "{AF143F80-B47F-4E79-8561-C69197644DEA}"
EndProject
Project("{FAE04EC0-301F-11D3-BF4B-00C04F79EFBC}") = "Ex015", "Ex015\Ex015.csproj", "{B15EEB52-C55F-46CB-A6E9-C2EE8343E1F9}"
EndProject
Project("{FAE04EC0-301F-11D3-BF4B-00C04F79EFBC}") = "Ex016", "Ex016\Ex016.csproj", "{BEA7B247-9EF8-4E15-9C28-BB1DDFBCE2F1}"
EndProject
Project("{FAE04EC0-301F-11D3-BF4B-00C04F79EFBC}") = "Ex017", "Ex017\Ex017.csproj", "{C9986A13-43FE-42CB-A40E-BC4C02996FB5}"
EndProject
Global
	GlobalSection(SolutionConfigurationPlatforms) = preSolution
		Debug|Any CPU = Debug|Any CPU
		Release|Any CPU = Release|Any CPU
	EndGlobalSection
	GlobalSection(SolutionProperties) = preSolution
		HideSolutionNode = FALSE
	EndGlobalSection
	GlobalSection(ProjectConfigurationPlatforms) = postSolution
		{F720ADC4-B42B-4308-B881-B1F0567062BD}.Debug|Any CPU.ActiveCfg = Debug|Any CPU
		{F720ADC4-B42B-4308-B881-B1F0567062BD}.Debug|Any CPU.Build.0 = Debug|Any CPU
		{F720ADC4-B42B-4308-B881-B1F0567062BD}.Release|Any CPU.ActiveCfg = Release|Any CPU
		{F720ADC4-B42B-4308-B881-B1F0567062BD}.Release|Any CPU.Build.0 = Release|Any CPU
		{9DE6579C-E58C-481C-9C7B-92B088AC0425}.Debug|Any CPU.ActiveCfg = Debug|Any CPU
		{9DE6579C-E58C-481C-9C7B-92B088AC0425}.Debug|Any CPU.Build.0 = Debug|Any CPU
		{9DE6579C-E58C-481C-9C7B-92B088AC0425}.Release|Any CPU.ActiveCfg = Release|Any CPU
		{9DE6579C-E58C-481C-9C7B-92B088AC0425}.Release|Any CPU.Build.0 = Release|Any CPU
		{FF3360D6-D3C6-4D42-917E-8A514F911A74}.Debug|Any CPU.ActiveCfg = Debug|Any CPU
		{FF3360D6-D3C6-4D42-917E-8A514F911A74}.Debug|Any CPU.Build.0 = Debug|Any CPU
		{FF3360D6-D3C6-4D42-917E-8A514F911A74}.Release|Any CPU.ActiveCfg = Release|Any CPU
		{FF3360D6-D3C6-4D42-917E-8A514F911A74}.Release|Any CPU.Build.0 = Release|Any CPU
		{03622C5A-3D16-4DD9-8DE0-228A2EC3A754}.Debug|Any CPU.ActiveCfg = Debug|Any CPU
		{03622C5A-3D16-4DD9-8DE0-228A2EC3A754}.Debug|Any CPU.Build.0 = Debug|Any CPU
		{03622C5A-3D16-4DD9-8DE0-228A2EC3A754}.Release|Any CPU.ActiveCfg = Release|Any CPU
		{03622C5A-3D16-4DD9-8DE0-228A2EC3A754}.Release|Any CPU.Build.0 = Release|Any CPU
		{E29F11E6-9BA0-452E-AF0F-069F3907C040}.Debug|Any CPU.ActiveCfg = Debug|Any CPU
		{E29F11E6-9BA0-452E-AF0F-069F3907C040}.Debug|Any CPU.Build.0 = Debug|Any CPU
		{E29F11E6-9BA0-452E-AF0F-069F3907C040}.Release|Any CPU.ActiveCfg = Release|Any CPU
		{E29F11E6-9BA0-452E-AF0F-069F3907C040}.Release|Any CPU.Build.0 = Release|Any CPU
		{B8C295FE-F0DA-4A30-9F4A-AB47360717AF}.Debug|Any CPU.ActiveCfg = Debug|Any CPU
		{B8C295FE-F0DA-4A30-9F4A-AB47360717AF}.Debug|Any CPU.Build.0 = Debug|Any CPU
		{B8C295FE-F0DA-4A30-9F4A-AB47360717AF}.Release|Any CPU.ActiveCfg = Release|Any CPU
		{B8C295FE-F0DA-4A30-9F4A-AB47360717AF}.Release|Any CPU.Build.0 = Release|Any CPU
		{6B7A9A00-6E38-4ECD-8721-4AD10E41B2B7}.Debug|Any CPU.ActiveCfg = Debug|Any CPU
		{6B7A9A00-6E38-4ECD-8721-4AD10E41B2B7}.Debug|Any CPU.Build.0 = Debug|Any CPU
		{6B7A9A00-6E38-4ECD-8721-4AD10E41B2B7}.Release|Any CPU.ActiveCfg = Release|Any CPU
		{6B7A9A00-6E38-4ECD-8721-4AD10E41B2B7}.Release|Any CPU.Build.0 = Release|Any CPU
		{E56E852C-2013-44FE-BFBD-539E75BA4647}.Debug|Any CPU.ActiveCfg = Debug|Any CPU
		{E56E852C-2013-44FE-BFBD-539E75BA4647}.Debug|Any CPU.Build.0 = Debug|Any CPU
		{E56E852C-2013-44FE-BFBD-539E75BA4647}.Release|Any CPU.ActiveCfg = Release|Any CPU
		{E56E852C-2013-44FE-BFBD-539E75BA4647}.Release|Any CPU.Build.0 = Release|Any CPU
		{316230CF-5B3E-4411-BC89-B21F4F299875}.Debug|Any CPU.ActiveCfg = Debug|Any CPU
		{316230CF-5B3E-4411-BC89-B21F4F299875}.Debug|Any CPU.Build.0 = Debug|Any CPU
		{316230CF-5B3E-4411-BC89-B21F4F299875}.Release|Any CPU.ActiveCfg = Release|Any CPU
		{316230CF-5B3E-4411-BC89-B21F4F299875}.Release|Any CPU.Build.0 = Release|Any CPU
		{9C7EF4E0-F4D5-4B9D-8342-40852D5DC1C4}.Debug|Any CPU.ActiveCfg = Debug|Any CPU
		{9C7EF4E0-F4D5-4B9D-8342-40852D5DC1C4}.Debug|Any CPU.Build.0 = Debug|Any CPU
		{9C7EF4E0-F4D5-4B9D-8342-40852D5DC1C4}.Release|Any CPU.ActiveCfg = Release|Any CPU
		{9C7EF4E0-F4D5-4B9D-8342-40852D5DC1C4}.Release|Any CPU.Build.0 = Release|Any CPU
		{B494D1CE-C228-442E-B703-BDB4AFEE6BD1}.Debug|Any CPU.ActiveCfg = Debug|Any CPU
		{B494D1CE-C228-442E-B703-BDB4AFEE6BD1}.Debug|Any CPU.Build.0 = Debug|Any CPU
		{B494D1CE-C228-442E-B703-BDB4AFEE6BD1}.Release|Any CPU.ActiveCfg = Release|Any CPU
		{B494D1CE-C228-442E-B703-BDB4AFEE6BD1}.Release|Any CPU.Build.0 = Release|Any CPU
		{DC3E0D4B-1481-4111-9E6D-9C64FE340750}.Debug|Any CPU.ActiveCfg = Debug|Any CPU
		{DC3E0D4B-1481-4111-9E6D-9C64FE340750}.Debug|Any CPU.Build.0 = Debug|Any CPU
		{DC3E0D4B-1481-4111-9E6D-9C64FE340750}.Release|Any CPU.ActiveCfg = Release|Any CPU
		{DC3E0D4B-1481-4111-9E6D-9C64FE340750}.Release|Any CPU.Build.0 = Release|Any CPU
		{8CCF4C3C-7922-4B41-8B4B-29E3F8F3E636}.Debug|Any CPU.ActiveCfg = Debug|Any CPU
		{8CCF4C3C-7922-4B41-8B4B-29E3F8F3E636}.Debug|Any CPU.Build.0 = Debug|Any CPU
		{8CCF4C3C-7922-4B41-8B4B-29E3F8F3E636}.Release|Any CPU.ActiveCfg = Release|Any CPU
		{8CCF4C3C-7922-4B41-8B4B-29E3F8F3E636}.Release|Any CPU.Build.0 = Release|Any CPU
		{AF143F80-B47F-4E79-8561-C69197644DEA}.Debug|Any CPU.ActiveCfg = Debug|Any CPU
		{AF143F80-B47F-4E79-8561-C69197644DEA}.Debug|Any CPU.Build.0 = Debug|Any CPU
		{AF143F80-B47F-4E79-8561-C69197644DEA}.Release|Any CPU.ActiveCfg = Release|Any CPU
		{AF143F80-B47F-4E79-8561-C69197644DEA}.Release|Any CPU.Build.0 = Release|Any CPU
		{B15EEB52-C55F-46CB-A6E9-C2EE8343E1F9}.Debug|Any CPU.ActiveCfg = Debug|Any CPU
		{B15EEB52-C55F-46CB-A6E9-C2EE8343E1F9}.Debug|Any CPU.Build.0 = Debug|Any CPU
		{B15EEB52-C55F-46CB-A6E9-C2EE8343E1F9}.Release|Any CPU.ActiveCfg = Release|Any CPU
		{B15EEB52-C55F-46CB-A6E9-C2EE8343E1F9}.Release|Any CPU.Build.0 = Release|Any CPU
		{BEA7B247-9EF8-4E15-9C28-BB1DDFBCE2F1}.Debug|Any CPU.ActiveCfg = Debug|Any CPU
		{BEA7B247-9EF8-4E15-9C28-BB1DDFBCE2F1}.Debug|Any CPU.Build.0 = Debug|Any CPU
		{BEA7B247-9EF8-4E15-9C28-BB1DDFBCE2F1}.Release|Any CPU.ActiveCfg = Release|Any CPU
		{BEA7B247-9EF8-4E15-9C28-BB1DDFBCE2F1}.Release|Any CPU.Build.0 = Release|Any CPU
		{C9986A13-43FE-42CB-A40E-BC4C02996FB5}.Debug|Any CPU.ActiveCfg = Debug|Any CPU
		{C9986A13-43FE-42CB-A40E-BC4C02996FB5}.Debug|Any CPU.Build.0 = Debug|Any CPU
		{C9986A13-43FE-42CB-A40E-BC4C02996FB5}.Release|Any CPU.ActiveCfg = Release|Any CPU
		{C9986A13-43FE-42CB-A40E-BC4C02996FB5}.Release|Any CPU.Build.0 = Release|Any CPU
	EndGlobalSection
EndGlobal
