
Microsoft Visual Studio Solution File, Format Version 12.00
# Visual Studio Version 17
VisualStudioVersion = 17.0.31903.59
MinimumVisualStudioVersion = 10.0.40219.1
Project("{FAE04EC0-301F-11D3-BF4B-00C04F79EFBC}") = "Ex1", "Ex1\Ex1.csproj", "{BB0C8A6C-7F6E-47FF-BA7E-25ADB4E9DC21}"
EndProject
Project("{FAE04EC0-301F-11D3-BF4B-00C04F79EFBC}") = "Ex2", "Ex2\Ex2.csproj", "{EE419E88-2769-4C69-89EC-0E291E304FD1}"
EndProject
Project("{FAE04EC0-301F-11D3-BF4B-00C04F79EFBC}") = "Ex3", "Ex3\Ex3.csproj", "{172E387E-1F0C-4834-A137-033EAE84AEE9}"
EndProject
Project("{FAE04EC0-301F-11D3-BF4B-00C04F79EFBC}") = "Ex4", "Ex4\Ex4.csproj", "{54388BA3-E517-4BEC-B86A-6242DA2E45E9}"
EndProject
Project("{FAE04EC0-301F-11D3-BF4B-00C04F79EFBC}") = "Ex5", "Ex5\Ex5.csproj", "{4DAC7739-067B-4CB6-9C0E-6C446AEA1AF3}"
EndProject
Project("{FAE04EC0-301F-11D3-BF4B-00C04F79EFBC}") = "Ex6", "Ex6\Ex6.csproj", "{D1F9F3B9-A843-4175-8600-808A3A18DA84}"
EndProject
Project("{FAE04EC0-301F-11D3-BF4B-00C04F79EFBC}") = "Ex7", "Ex7\Ex7.csproj", "{65F26C18-8F90-4E6D-A6EA-30539531187E}"
EndProject
Project("{FAE04EC0-301F-11D3-BF4B-00C04F79EFBC}") = "Ex8", "Ex8\Ex8.csproj", "{275668F9-6829-44CB-B5E0-78B512D6E90E}"
EndProject
Project("{FAE04EC0-301F-11D3-BF4B-00C04F79EFBC}") = "Ex9", "Ex9\Ex9.csproj", "{F549B549-CFE4-430B-B961-68C8E0C83F8D}"
EndProject
Project("{FAE04EC0-301F-11D3-BF4B-00C04F79EFBC}") = "Ex10", "Ex10\Ex10.csproj", "{30FF33B8-4E94-4C3A-BFB2-EB63A43AE4F0}"
EndProject
Project("{FAE04EC0-301F-11D3-BF4B-00C04F79EFBC}") = "Ex11", "Ex11\Ex11.csproj", "{A3F33C79-E1C4-4859-9917-4740D9AC93B5}"
EndProject
Project("{FAE04EC0-301F-11D3-BF4B-00C04F79EFBC}") = "Ex12", "Ex12\Ex12.csproj", "{7809F4E5-8D22-4C7F-B102-59593975C571}"
EndProject
Project("{FAE04EC0-301F-11D3-BF4B-00C04F79EFBC}") = "Ex13", "Ex13\Ex13.csproj", "{1813571B-DCFF-4F4C-B460-677804A1669E}"
EndProject
Global
	GlobalSection(SolutionConfigurationPlatforms) = preSolution
		Debug|Any CPU = Debug|Any CPU
		Release|Any CPU = Release|Any CPU
	EndGlobalSection
	GlobalSection(SolutionProperties) = preSolution
		HideSolutionNode = FALSE
	EndGlobalSection
	GlobalSection(ProjectConfigurationPlatforms) = postSolution
		{BB0C8A6C-7F6E-47FF-BA7E-25ADB4E9DC21}.Debug|Any CPU.ActiveCfg = Debug|Any CPU
		{BB0C8A6C-7F6E-47FF-BA7E-25ADB4E9DC21}.Debug|Any CPU.Build.0 = Debug|Any CPU
		{BB0C8A6C-7F6E-47FF-BA7E-25ADB4E9DC21}.Release|Any CPU.ActiveCfg = Release|Any CPU
		{BB0C8A6C-7F6E-47FF-BA7E-25ADB4E9DC21}.Release|Any CPU.Build.0 = Release|Any CPU
		{EE419E88-2769-4C69-89EC-0E291E304FD1}.Debug|Any CPU.ActiveCfg = Debug|Any CPU
		{EE419E88-2769-4C69-89EC-0E291E304FD1}.Debug|Any CPU.Build.0 = Debug|Any CPU
		{EE419E88-2769-4C69-89EC-0E291E304FD1}.Release|Any CPU.ActiveCfg = Release|Any CPU
		{EE419E88-2769-4C69-89EC-0E291E304FD1}.Release|Any CPU.Build.0 = Release|Any CPU
		{172E387E-1F0C-4834-A137-033EAE84AEE9}.Debug|Any CPU.ActiveCfg = Debug|Any CPU
		{172E387E-1F0C-4834-A137-033EAE84AEE9}.Debug|Any CPU.Build.0 = Debug|Any CPU
		{172E387E-1F0C-4834-A137-033EAE84AEE9}.Release|Any CPU.ActiveCfg = Release|Any CPU
		{172E387E-1F0C-4834-A137-033EAE84AEE9}.Release|Any CPU.Build.0 = Release|Any CPU
		{54388BA3-E517-4BEC-B86A-6242DA2E45E9}.Debug|Any CPU.ActiveCfg = Debug|Any CPU
		{54388BA3-E517-4BEC-B86A-6242DA2E45E9}.Debug|Any CPU.Build.0 = Debug|Any CPU
		{54388BA3-E517-4BEC-B86A-6242DA2E45E9}.Release|Any CPU.ActiveCfg = Release|Any CPU
		{54388BA3-E517-4BEC-B86A-6242DA2E45E9}.Release|Any CPU.Build.0 = Release|Any CPU
		{4DAC7739-067B-4CB6-9C0E-6C446AEA1AF3}.Debug|Any CPU.ActiveCfg = Debug|Any CPU
		{4DAC7739-067B-4CB6-9C0E-6C446AEA1AF3}.Debug|Any CPU.Build.0 = Debug|Any CPU
		{4DAC7739-067B-4CB6-9C0E-6C446AEA1AF3}.Release|Any CPU.ActiveCfg = Release|Any CPU
		{4DAC7739-067B-4CB6-9C0E-6C446AEA1AF3}.Release|Any CPU.Build.0 = Release|Any CPU
		{D1F9F3B9-A843-4175-8600-808A3A18DA84}.Debug|Any CPU.ActiveCfg = Debug|Any CPU
		{D1F9F3B9-A843-4175-8600-808A3A18DA84}.Debug|Any CPU.Build.0 = Debug|Any CPU
		{D1F9F3B9-A843-4175-8600-808A3A18DA84}.Release|Any CPU.ActiveCfg = Release|Any CPU
		{D1F9F3B9-A843-4175-8600-808A3A18DA84}.Release|Any CPU.Build.0 = Release|Any CPU
		{65F26C18-8F90-4E6D-A6EA-30539531187E}.Debug|Any CPU.ActiveCfg = Debug|Any CPU
		{65F26C18-8F90-4E6D-A6EA-30539531187E}.Debug|Any CPU.Build.0 = Debug|Any CPU
		{65F26C18-8F90-4E6D-A6EA-30539531187E}.Release|Any CPU.ActiveCfg = Release|Any CPU
		{65F26C18-8F90-4E6D-A6EA-30539531187E}.Release|Any CPU.Build.0 = Release|Any CPU
		{275668F9-6829-44CB-B5E0-78B512D6E90E}.Debug|Any CPU.ActiveCfg = Debug|Any CPU
		{275668F9-6829-44CB-B5E0-78B512D6E90E}.Debug|Any CPU.Build.0 = Debug|Any CPU
		{275668F9-6829-44CB-B5E0-78B512D6E90E}.Release|Any CPU.ActiveCfg = Release|Any CPU
		{275668F9-6829-44CB-B5E0-78B512D6E90E}.Release|Any CPU.Build.0 = Release|Any CPU
		{F549B549-CFE4-430B-B961-68C8E0C83F8D}.Debug|Any CPU.ActiveCfg = Debug|Any CPU
		{F549B549-CFE4-430B-B961-68C8E0C83F8D}.Debug|Any CPU.Build.0 = Debug|Any CPU
		{F549B549-CFE4-430B-B961-68C8E0C83F8D}.Release|Any CPU.ActiveCfg = Release|Any CPU
		{F549B549-CFE4-430B-B961-68C8E0C83F8D}.Release|Any CPU.Build.0 = Release|Any CPU
		{30FF33B8-4E94-4C3A-BFB2-EB63A43AE4F0}.Debug|Any CPU.ActiveCfg = Debug|Any CPU
		{30FF33B8-4E94-4C3A-BFB2-EB63A43AE4F0}.Debug|Any CPU.Build.0 = Debug|Any CPU
		{30FF33B8-4E94-4C3A-BFB2-EB63A43AE4F0}.Release|Any CPU.ActiveCfg = Release|Any CPU
		{30FF33B8-4E94-4C3A-BFB2-EB63A43AE4F0}.Release|Any CPU.Build.0 = Release|Any CPU
		{A3F33C79-E1C4-4859-9917-4740D9AC93B5}.Debug|Any CPU.ActiveCfg = Debug|Any CPU
		{A3F33C79-E1C4-4859-9917-4740D9AC93B5}.Debug|Any CPU.Build.0 = Debug|Any CPU
		{A3F33C79-E1C4-4859-9917-4740D9AC93B5}.Release|Any CPU.ActiveCfg = Release|Any CPU
		{A3F33C79-E1C4-4859-9917-4740D9AC93B5}.Release|Any CPU.Build.0 = Release|Any CPU
		{7809F4E5-8D22-4C7F-B102-59593975C571}.Debug|Any CPU.ActiveCfg = Debug|Any CPU
		{7809F4E5-8D22-4C7F-B102-59593975C571}.Debug|Any CPU.Build.0 = Debug|Any CPU
		{7809F4E5-8D22-4C7F-B102-59593975C571}.Release|Any CPU.ActiveCfg = Release|Any CPU
		{7809F4E5-8D22-4C7F-B102-59593975C571}.Release|Any CPU.Build.0 = Release|Any CPU
		{1813571B-DCFF-4F4C-B460-677804A1669E}.Debug|Any CPU.ActiveCfg = Debug|Any CPU
		{1813571B-DCFF-4F4C-B460-677804A1669E}.Debug|Any CPU.Build.0 = Debug|Any CPU
		{1813571B-DCFF-4F4C-B460-677804A1669E}.Release|Any CPU.ActiveCfg = Release|Any CPU
		{1813571B-DCFF-4F4C-B460-677804A1669E}.Release|Any CPU.Build.0 = Release|Any CPU
	EndGlobalSection
EndGlobal
