
Microsoft Visual Studio Solution File, Format Version 12.00
# Visual Studio Version 17
VisualStudioVersion = 17.0.31903.59
MinimumVisualStudioVersion = 10.0.40219.1
Project("{FAE04EC0-301F-11D3-BF4B-00C04F79EFBC}") = "Ex1", "Ex1\Ex1.csproj", "{659AA68D-D178-4915-9B99-7E0070972FC6}"
EndProject
Project("{FAE04EC0-301F-11D3-BF4B-00C04F79EFBC}") = "Ex2", "Ex2\Ex2.csproj", "{02057E33-479C-4C47-A7D6-4D8E7C241EB6}"
EndProject
Project("{FAE04EC0-301F-11D3-BF4B-00C04F79EFBC}") = "Ex3", "Ex3\Ex3.csproj", "{872D1891-1681-4038-8C27-0062F4089438}"
EndProject
Project("{FAE04EC0-301F-11D3-BF4B-00C04F79EFBC}") = "Ex4", "Ex4\Ex4.csproj", "{22E261D5-B0B0-4773-92B1-B3FFBD267560}"
EndProject
Project("{FAE04EC0-301F-11D3-BF4B-00C04F79EFBC}") = "Ex5", "Ex5\Ex5.csproj", "{F629DC55-16FC-4A41-8E18-8644A691A347}"
EndProject
Project("{FAE04EC0-301F-11D3-BF4B-00C04F79EFBC}") = "Ex6", "Ex6\Ex6.csproj", "{4ED2EB3D-BF8E-491B-808E-9AC9BAC31FDC}"
EndProject
Project("{FAE04EC0-301F-11D3-BF4B-00C04F79EFBC}") = "Ex7", "Ex7\Ex7.csproj", "{D1B587CA-B319-404B-8DA6-9611DFE5E830}"
EndProject
Project("{FAE04EC0-301F-11D3-BF4B-00C04F79EFBC}") = "Ex8", "Ex8\Ex8.csproj", "{9344D0A0-C139-4065-8CE8-58F4542748A0}"
EndProject
Project("{FAE04EC0-301F-11D3-BF4B-00C04F79EFBC}") = "Ex9", "Ex9\Ex9.csproj", "{DFA9AEFF-321C-44C0-962C-BA18DA183F47}"
EndProject
Project("{FAE04EC0-301F-11D3-BF4B-00C04F79EFBC}") = "Ex10", "Ex10\Ex10.csproj", "{084EA992-8386-489D-BEE8-26342BEC31CF}"
EndProject
Project("{FAE04EC0-301F-11D3-BF4B-00C04F79EFBC}") = "Ex11", "Ex11\Ex11.csproj", "{73BD183F-3C7F-4274-8A9B-9B1036C97C05}"
EndProject
Global
	GlobalSection(SolutionConfigurationPlatforms) = preSolution
		Debug|Any CPU = Debug|Any CPU
		Release|Any CPU = Release|Any CPU
	EndGlobalSection
	GlobalSection(SolutionProperties) = preSolution
		HideSolutionNode = FALSE
	EndGlobalSection
	GlobalSection(ProjectConfigurationPlatforms) = postSolution
		{659AA68D-D178-4915-9B99-7E0070972FC6}.Debug|Any CPU.ActiveCfg = Debug|Any CPU
		{659AA68D-D178-4915-9B99-7E0070972FC6}.Debug|Any CPU.Build.0 = Debug|Any CPU
		{659AA68D-D178-4915-9B99-7E0070972FC6}.Release|Any CPU.ActiveCfg = Release|Any CPU
		{659AA68D-D178-4915-9B99-7E0070972FC6}.Release|Any CPU.Build.0 = Release|Any CPU
		{02057E33-479C-4C47-A7D6-4D8E7C241EB6}.Debug|Any CPU.ActiveCfg = Debug|Any CPU
		{02057E33-479C-4C47-A7D6-4D8E7C241EB6}.Debug|Any CPU.Build.0 = Debug|Any CPU
		{02057E33-479C-4C47-A7D6-4D8E7C241EB6}.Release|Any CPU.ActiveCfg = Release|Any CPU
		{02057E33-479C-4C47-A7D6-4D8E7C241EB6}.Release|Any CPU.Build.0 = Release|Any CPU
		{872D1891-1681-4038-8C27-0062F4089438}.Debug|Any CPU.ActiveCfg = Debug|Any CPU
		{872D1891-1681-4038-8C27-0062F4089438}.Debug|Any CPU.Build.0 = Debug|Any CPU
		{872D1891-1681-4038-8C27-0062F4089438}.Release|Any CPU.ActiveCfg = Release|Any CPU
		{872D1891-1681-4038-8C27-0062F4089438}.Release|Any CPU.Build.0 = Release|Any CPU
		{22E261D5-B0B0-4773-92B1-B3FFBD267560}.Debug|Any CPU.ActiveCfg = Debug|Any CPU
		{22E261D5-B0B0-4773-92B1-B3FFBD267560}.Debug|Any CPU.Build.0 = Debug|Any CPU
		{22E261D5-B0B0-4773-92B1-B3FFBD267560}.Release|Any CPU.ActiveCfg = Release|Any CPU
		{22E261D5-B0B0-4773-92B1-B3FFBD267560}.Release|Any CPU.Build.0 = Release|Any CPU
		{F629DC55-16FC-4A41-8E18-8644A691A347}.Debug|Any CPU.ActiveCfg = Debug|Any CPU
		{F629DC55-16FC-4A41-8E18-8644A691A347}.Debug|Any CPU.Build.0 = Debug|Any CPU
		{F629DC55-16FC-4A41-8E18-8644A691A347}.Release|Any CPU.ActiveCfg = Release|Any CPU
		{F629DC55-16FC-4A41-8E18-8644A691A347}.Release|Any CPU.Build.0 = Release|Any CPU
		{4ED2EB3D-BF8E-491B-808E-9AC9BAC31FDC}.Debug|Any CPU.ActiveCfg = Debug|Any CPU
		{4ED2EB3D-BF8E-491B-808E-9AC9BAC31FDC}.Debug|Any CPU.Build.0 = Debug|Any CPU
		{4ED2EB3D-BF8E-491B-808E-9AC9BAC31FDC}.Release|Any CPU.ActiveCfg = Release|Any CPU
		{4ED2EB3D-BF8E-491B-808E-9AC9BAC31FDC}.Release|Any CPU.Build.0 = Release|Any CPU
		{D1B587CA-B319-404B-8DA6-9611DFE5E830}.Debug|Any CPU.ActiveCfg = Debug|Any CPU
		{D1B587CA-B319-404B-8DA6-9611DFE5E830}.Debug|Any CPU.Build.0 = Debug|Any CPU
		{D1B587CA-B319-404B-8DA6-9611DFE5E830}.Release|Any CPU.ActiveCfg = Release|Any CPU
		{D1B587CA-B319-404B-8DA6-9611DFE5E830}.Release|Any CPU.Build.0 = Release|Any CPU
		{9344D0A0-C139-4065-8CE8-58F4542748A0}.Debug|Any CPU.ActiveCfg = Debug|Any CPU
		{9344D0A0-C139-4065-8CE8-58F4542748A0}.Debug|Any CPU.Build.0 = Debug|Any CPU
		{9344D0A0-C139-4065-8CE8-58F4542748A0}.Release|Any CPU.ActiveCfg = Release|Any CPU
		{9344D0A0-C139-4065-8CE8-58F4542748A0}.Release|Any CPU.Build.0 = Release|Any CPU
		{DFA9AEFF-321C-44C0-962C-BA18DA183F47}.Debug|Any CPU.ActiveCfg = Debug|Any CPU
		{DFA9AEFF-321C-44C0-962C-BA18DA183F47}.Debug|Any CPU.Build.0 = Debug|Any CPU
		{DFA9AEFF-321C-44C0-962C-BA18DA183F47}.Release|Any CPU.ActiveCfg = Release|Any CPU
		{DFA9AEFF-321C-44C0-962C-BA18DA183F47}.Release|Any CPU.Build.0 = Release|Any CPU
		{084EA992-8386-489D-BEE8-26342BEC31CF}.Debug|Any CPU.ActiveCfg = Debug|Any CPU
		{084EA992-8386-489D-BEE8-26342BEC31CF}.Debug|Any CPU.Build.0 = Debug|Any CPU
		{084EA992-8386-489D-BEE8-26342BEC31CF}.Release|Any CPU.ActiveCfg = Release|Any CPU
		{084EA992-8386-489D-BEE8-26342BEC31CF}.Release|Any CPU.Build.0 = Release|Any CPU
		{73BD183F-3C7F-4274-8A9B-9B1036C97C05}.Debug|Any CPU.ActiveCfg = Debug|Any CPU
		{73BD183F-3C7F-4274-8A9B-9B1036C97C05}.Debug|Any CPU.Build.0 = Debug|Any CPU
		{73BD183F-3C7F-4274-8A9B-9B1036C97C05}.Release|Any CPU.ActiveCfg = Release|Any CPU
		{73BD183F-3C7F-4274-8A9B-9B1036C97C05}.Release|Any CPU.Build.0 = Release|Any CPU
	EndGlobalSection
EndGlobal
